version = 1
revision = 3
requires-python = ">=3.13"

[[package]]
name = "brother"
version = "0.0.0"
source = { editable = "." }
dependencies = [
    { name = "dacite" },
    { name = "pyasn1" },
    { name = "pysnmp" },
]

[package.dev-dependencies]
dev = [
    { name = "prek" },
    { name = "ruff" },
    { name = "ty" },
]
test = [
    { name = "freezegun" },
    { name = "pytest" },
    { name = "pytest-asyncio" },
    { name = "pytest-cov" },
    { name = "pytest-error-for-skips" },
    { name = "pytest-timeout" },
    { name = "syrupy" },
]

[package.metadata]
requires-dist = [
    { name = "dacite", specifier = ">=1.7.0" },
    { name = "pyasn1", specifier = ">=0.6.4" },
    { name = "pysnmp", specifier = ">=7.1.27" },
]

[package.metadata.requires-dev]
dev = [
    { name = "prek", specifier = "==0.4.8" },
    { name = "ruff", specifier = "==0.15.21" },
    { name = "ty", specifier = "==0.0.58" },
]
test = [
    { name = "freezegun", specifier = "==1.5.5" },
    { name = "pytest", specifier = "==9.1.1" },
    { name = "pytest-asyncio", specifier = "==1.4.0" },
    { name = "pytest-cov", specifier = "==7.1.0" },
    { name = "pytest-error-for-skips", specifier = "==2.0.2" },
    { name = "pytest-timeout", specifier = "==2.4.0" },
    { name = "syrupy", specifier = "==5.5.2" },
]

[[package]]
name = "colorama"
version = "0.4.6"
source = { registry = "https://pypi.org/simple" }
sdist = { url = "https://files.pythonhosted.org/packages/d8/53/6f443c9a4a8358a93a6792e2acffb9d9d5cb0a5cfd8802644b7b1c9a02e4/colorama-0.4.6.tar.gz", hash = "sha256:08695f5cb7ed6e0531a20572697297273c47b8cae5a63ffc6d6ed5c201be6e44", size = 27697, upload-time = "2022-10-25T02:36:22.414Z" }
wheels = [
    { url = "https://files.pythonhosted.org/packages/d1/d6/3965ed04c63042e047cb6a3e6ed1a63a35087b6a609aa3a15ed8ac56c221/colorama-0.4.6-py2.py3-none-any.whl", hash = "sha256:4f1d9991f5acc0ca119f9d443620b77f9d6b33703e51011c16baf57afb285fc6", size = 25335, upload-time = "2022-10-25T02:36:20.889Z" },
]

[[package]]
name = "coverage"
version = "7.13.1"
source = { registry = "https://pypi.org/simple" }
sdist = { url = "https://files.pythonhosted.org/packages/23/f9/e92df5e07f3fc8d4c7f9a0f146ef75446bf870351cd37b788cf5897f8079/coverage-7.13.1.tar.gz", hash = "sha256:b7593fe7eb5feaa3fbb461ac79aac9f9fc0387a5ca8080b0c6fe2ca27b091afd", size = 825862, upload-time = "2025-12-28T15:42:56.969Z" }
wheels = [
    { url = "https://files.pythonhosted.org/packages/a3/a4/e98e689347a1ff1a7f67932ab535cef82eb5e78f32a9e4132e114bbb3a0a/coverage-7.13.1-cp313-cp313-macosx_10_13_x86_64.whl", hash = "sha256:cb237bfd0ef4d5eb6a19e29f9e528ac67ac3be932ea6b44fb6cc09b9f3ecff78", size = 218951, upload-time = "2025-12-28T15:41:16.653Z" },
    { url = "https://files.pythonhosted.org/packages/32/33/7cbfe2bdc6e2f03d6b240d23dc45fdaf3fd270aaf2d640be77b7f16989ab/coverage-7.13.1-cp313-cp313-macosx_11_0_arm64.whl", hash = "sha256:1dcb645d7e34dcbcc96cd7c132b1fc55c39263ca62eb961c064eb3928997363b", size = 219325, upload-time = "2025-12-28T15:41:18.609Z" },
    { url = "https://files.pythonhosted.org/packages/59/f6/efdabdb4929487baeb7cb2a9f7dac457d9356f6ad1b255be283d58b16316/coverage-7.13.1-cp313-cp313-manylinux1_i686.manylinux_2_28_i686.manylinux_2_5_i686.whl", hash = "sha256:3d42df8201e00384736f0df9be2ced39324c3907607d17d50d50116c989d84cd", size = 250309, upload-time = "2025-12-28T15:41:20.629Z" },
    { url = "https://files.pythonhosted.org/packages/12/da/91a52516e9d5aea87d32d1523f9cdcf7a35a3b298e6be05d6509ba3cfab2/coverage-7.13.1-cp313-cp313-manylinux1_x86_64.manylinux_2_28_x86_64.manylinux_2_5_x86_64.whl", hash = "sha256:fa3edde1aa8807de1d05934982416cb3ec46d1d4d91e280bcce7cca01c507992", size = 252907, upload-time = "2025-12-28T15:41:22.257Z" },
    { url = "https://files.pythonhosted.org/packages/75/38/f1ea837e3dc1231e086db1638947e00d264e7e8c41aa8ecacf6e1e0c05f4/coverage-7.13.1-cp313-cp313-manylinux2014_aarch64.manylinux_2_17_aarch64.manylinux_2_28_aarch64.whl", hash = "sha256:9edd0e01a343766add6817bc448408858ba6b489039eaaa2018474e4001651a4", size = 254148, upload-time = "2025-12-28T15:41:23.87Z" },
    { url = "https://files.pythonhosted.org/packages/7f/43/f4f16b881aaa34954ba446318dea6b9ed5405dd725dd8daac2358eda869a/coverage-7.13.1-cp313-cp313-manylinux_2_31_riscv64.manylinux_2_39_riscv64.whl", hash = "sha256:985b7836931d033570b94c94713c6dba5f9d3ff26045f72c3e5dbc5fe3361e5a", size = 250515, upload-time = "2025-12-28T15:41:25.437Z" },
    { url = "https://files.pythonhosted.org/packages/84/34/8cba7f00078bd468ea914134e0144263194ce849ec3baad187ffb6203d1c/coverage-7.13.1-cp313-cp313-musllinux_1_2_aarch64.whl", hash = "sha256:ffed1e4980889765c84a5d1a566159e363b71d6b6fbaf0bebc9d3c30bc016766", size = 252292, upload-time = "2025-12-28T15:41:28.459Z" },
    { url = "https://files.pythonhosted.org/packages/8c/a4/cffac66c7652d84ee4ac52d3ccb94c015687d3b513f9db04bfcac2ac800d/coverage-7.13.1-cp313-cp313-musllinux_1_2_i686.whl", hash = "sha256:8842af7f175078456b8b17f1b73a0d16a65dcbdc653ecefeb00a56b3c8c298c4", size = 250242, upload-time = "2025-12-28T15:41:30.02Z" },
    { url = "https://files.pythonhosted.org/packages/f4/78/9a64d462263dde416f3c0067efade7b52b52796f489b1037a95b0dc389c9/coverage-7.13.1-cp313-cp313-musllinux_1_2_riscv64.whl", hash = "sha256:ccd7a6fca48ca9c131d9b0a2972a581e28b13416fc313fb98b6d24a03ce9a398", size = 250068, upload-time = "2025-12-28T15:41:32.007Z" },
    { url = "https://files.pythonhosted.org/packages/69/c8/a8994f5fece06db7c4a97c8fc1973684e178599b42e66280dded0524ef00/coverage-7.13.1-cp313-cp313-musllinux_1_2_x86_64.whl", hash = "sha256:0403f647055de2609be776965108447deb8e384fe4a553c119e3ff6bfbab4784", size = 251846, upload-time = "2025-12-28T15:41:33.946Z" },
    { url = "https://files.pythonhosted.org/packages/cc/f7/91fa73c4b80305c86598a2d4e54ba22df6bf7d0d97500944af7ef155d9f7/coverage-7.13.1-cp313-cp313-win32.whl", hash = "sha256:549d195116a1ba1e1ae2f5ca143f9777800f6636eab917d4f02b5310d6d73461", size = 221512, upload-time = "2025-12-28T15:41:35.519Z" },
    { url = "https://files.pythonhosted.org/packages/45/0b/0768b4231d5a044da8f75e097a8714ae1041246bb765d6b5563bab456735/coverage-7.13.1-cp313-cp313-win_amd64.whl", hash = "sha256:5899d28b5276f536fcf840b18b61a9fce23cc3aec1d114c44c07fe94ebeaa500", size = 222321, upload-time = "2025-12-28T15:41:37.371Z" },
    { url = "https://files.pythonhosted.org/packages/9b/b8/bdcb7253b7e85157282450262008f1366aa04663f3e3e4c30436f596c3e2/coverage-7.13.1-cp313-cp313-win_arm64.whl", hash = "sha256:868a2fae76dfb06e87291bcbd4dcbcc778a8500510b618d50496e520bd94d9b9", size = 220949, upload-time = "2025-12-28T15:41:39.553Z" },
    { url = "https://files.pythonhosted.org/packages/70/52/f2be52cc445ff75ea8397948c96c1b4ee14f7f9086ea62fc929c5ae7b717/coverage-7.13.1-cp313-cp313t-macosx_10_13_x86_64.whl", hash = "sha256:67170979de0dacac3f3097d02b0ad188d8edcea44ccc44aaa0550af49150c7dc", size = 219643, upload-time = "2025-12-28T15:41:41.567Z" },
    { url = "https://files.pythonhosted.org/packages/47/79/c85e378eaa239e2edec0c5523f71542c7793fe3340954eafb0bc3904d32d/coverage-7.13.1-cp313-cp313t-macosx_11_0_arm64.whl", hash = "sha256:f80e2bb21bfab56ed7405c2d79d34b5dc0bc96c2c1d2a067b643a09fb756c43a", size = 219997, upload-time = "2025-12-28T15:41:43.418Z" },
    { url = "https://files.pythonhosted.org/packages/fe/9b/b1ade8bfb653c0bbce2d6d6e90cc6c254cbb99b7248531cc76253cb4da6d/coverage-7.13.1-cp313-cp313t-manylinux1_i686.manylinux_2_28_i686.manylinux_2_5_i686.whl", hash = "sha256:f83351e0f7dcdb14d7326c3d8d8c4e915fa685cbfdc6281f9470d97a04e9dfe4", size = 261296, upload-time = "2025-12-28T15:41:45.207Z" },
    { url = "https://files.pythonhosted.org/packages/1f/af/ebf91e3e1a2473d523e87e87fd8581e0aa08741b96265730e2d79ce78d8d/coverage-7.13.1-cp313-cp313t-manylinux1_x86_64.manylinux_2_28_x86_64.manylinux_2_5_x86_64.whl", hash = "sha256:bb3f6562e89bad0110afbe64e485aac2462efdce6232cdec7862a095dc3412f6", size = 263363, upload-time = "2025-12-28T15:41:47.163Z" },
    { url = "https://files.pythonhosted.org/packages/c4/8b/fb2423526d446596624ac7fde12ea4262e66f86f5120114c3cfd0bb2befa/coverage-7.13.1-cp313-cp313t-manylinux2014_aarch64.manylinux_2_17_aarch64.manylinux_2_28_aarch64.whl", hash = "sha256:77545b5dcda13b70f872c3b5974ac64c21d05e65b1590b441c8560115dc3a0d1", size = 265783, upload-time = "2025-12-28T15:41:49.03Z" },
    { url = "https://files.pythonhosted.org/packages/9b/26/ef2adb1e22674913b89f0fe7490ecadcef4a71fa96f5ced90c60ec358789/coverage-7.13.1-cp313-cp313t-manylinux_2_31_riscv64.manylinux_2_39_riscv64.whl", hash = "sha256:a4d240d260a1aed814790bbe1f10a5ff31ce6c21bc78f0da4a1e8268d6c80dbd", size = 260508, upload-time = "2025-12-28T15:41:51.035Z" },
    { url = "https://files.pythonhosted.org/packages/ce/7d/f0f59b3404caf662e7b5346247883887687c074ce67ba453ea08c612b1d5/coverage-7.13.1-cp313-cp313t-musllinux_1_2_aarch64.whl", hash = "sha256:d2287ac9360dec3837bfdad969963a5d073a09a85d898bd86bea82aa8876ef3c", size = 263357, upload-time = "2025-12-28T15:41:52.631Z" },
    { url = "https://files.pythonhosted.org/packages/1a/b1/29896492b0b1a047604d35d6fa804f12818fa30cdad660763a5f3159e158/coverage-7.13.1-cp313-cp313t-musllinux_1_2_i686.whl", hash = "sha256:0d2c11f3ea4db66b5cbded23b20185c35066892c67d80ec4be4bab257b9ad1e0", size = 260978, upload-time = "2025-12-28T15:41:54.589Z" },
    { url = "https://files.pythonhosted.org/packages/48/f2/971de1238a62e6f0a4128d37adadc8bb882ee96afbe03ff1570291754629/coverage-7.13.1-cp313-cp313t-musllinux_1_2_riscv64.whl", hash = "sha256:3fc6a169517ca0d7ca6846c3c5392ef2b9e38896f61d615cb75b9e7134d4ee1e", size = 259877, upload-time = "2025-12-28T15:41:56.263Z" },
    { url = "https://files.pythonhosted.org/packages/6a/fc/0474efcbb590ff8628830e9aaec5f1831594874360e3251f1fdec31d07a3/coverage-7.13.1-cp313-cp313t-musllinux_1_2_x86_64.whl", hash = "sha256:d10a2ed46386e850bb3de503a54f9fe8192e5917fcbb143bfef653a9355e9a53", size = 262069, upload-time = "2025-12-28T15:41:58.093Z" },
    { url = "https://files.pythonhosted.org/packages/88/4f/3c159b7953db37a7b44c0eab8a95c37d1aa4257c47b4602c04022d5cb975/coverage-7.13.1-cp313-cp313t-win32.whl", hash = "sha256:75a6f4aa904301dab8022397a22c0039edc1f51e90b83dbd4464b8a38dc87842", size = 222184, upload-time = "2025-12-28T15:41:59.763Z" },
    { url = "https://files.pythonhosted.org/packages/58/a5/6b57d28f81417f9335774f20679d9d13b9a8fb90cd6160957aa3b54a2379/coverage-7.13.1-cp313-cp313t-win_amd64.whl", hash = "sha256:309ef5706e95e62578cda256b97f5e097916a2c26247c287bbe74794e7150df2", size = 223250, upload-time = "2025-12-28T15:42:01.52Z" },
    { url = "https://files.pythonhosted.org/packages/81/7c/160796f3b035acfbb58be80e02e484548595aa67e16a6345e7910ace0a38/coverage-7.13.1-cp313-cp313t-win_arm64.whl", hash = "sha256:92f980729e79b5d16d221038dbf2e8f9a9136afa072f9d5d6ed4cb984b126a09", size = 221521, upload-time = "2025-12-28T15:42:03.275Z" },
    { url = "https://files.pythonhosted.org/packages/aa/8e/ba0e597560c6563fc0adb902fda6526df5d4aa73bb10adf0574d03bd2206/coverage-7.13.1-cp314-cp314-macosx_10_15_x86_64.whl", hash = "sha256:97ab3647280d458a1f9adb85244e81587505a43c0c7cff851f5116cd2814b894", size = 218996, upload-time = "2025-12-28T15:42:04.978Z" },
    { url = "https://files.pythonhosted.org/packages/6b/8e/764c6e116f4221dc7aa26c4061181ff92edb9c799adae6433d18eeba7a14/coverage-7.13.1-cp314-cp314-macosx_11_0_arm64.whl", hash = "sha256:8f572d989142e0908e6acf57ad1b9b86989ff057c006d13b76c146ec6a20216a", size = 219326, upload-time = "2025-12-28T15:42:06.691Z" },
    { url = "https://files.pythonhosted.org/packages/4f/a6/6130dc6d8da28cdcbb0f2bf8865aeca9b157622f7c0031e48c6cf9a0e591/coverage-7.13.1-cp314-cp314-manylinux1_i686.manylinux_2_28_i686.manylinux_2_5_i686.whl", hash = "sha256:d72140ccf8a147e94274024ff6fd8fb7811354cf7ef88b1f0a988ebaa5bc774f", size = 250374, upload-time = "2025-12-28T15:42:08.786Z" },
    { url = "https://files.pythonhosted.org/packages/82/2b/783ded568f7cd6b677762f780ad338bf4b4750205860c17c25f7c708995e/coverage-7.13.1-cp314-cp314-manylinux1_x86_64.manylinux_2_28_x86_64.manylinux_2_5_x86_64.whl", hash = "sha256:d3c9f051b028810f5a87c88e5d6e9af3c0ff32ef62763bf15d29f740453ca909", size = 252882, upload-time = "2025-12-28T15:42:10.515Z" },
    { url = "https://files.pythonhosted.org/packages/cd/b2/9808766d082e6a4d59eb0cc881a57fc1600eb2c5882813eefff8254f71b5/coverage-7.13.1-cp314-cp314-manylinux2014_aarch64.manylinux_2_17_aarch64.manylinux_2_28_aarch64.whl", hash = "sha256:f398ba4df52d30b1763f62eed9de5620dcde96e6f491f4c62686736b155aa6e4", size = 254218, upload-time = "2025-12-28T15:42:12.208Z" },
    { url = "https://files.pythonhosted.org/packages/44/ea/52a985bb447c871cb4d2e376e401116520991b597c85afdde1ea9ef54f2c/coverage-7.13.1-cp314-cp314-manylinux_2_31_riscv64.manylinux_2_39_riscv64.whl", hash = "sha256:132718176cc723026d201e347f800cd1a9e4b62ccd3f82476950834dad501c75", size = 250391, upload-time = "2025-12-28T15:42:14.21Z" },
    { url = "https://files.pythonhosted.org/packages/7f/1d/125b36cc12310718873cfc8209ecfbc1008f14f4f5fa0662aa608e579353/coverage-7.13.1-cp314-cp314-musllinux_1_2_aarch64.whl", hash = "sha256:9e549d642426e3579b3f4b92d0431543b012dcb6e825c91619d4e93b7363c3f9", size = 252239, upload-time = "2025-12-28T15:42:16.292Z" },
    { url = "https://files.pythonhosted.org/packages/6a/16/10c1c164950cade470107f9f14bbac8485f8fb8515f515fca53d337e4a7f/coverage-7.13.1-cp314-cp314-musllinux_1_2_i686.whl", hash = "sha256:90480b2134999301eea795b3a9dbf606c6fbab1b489150c501da84a959442465", size = 250196, upload-time = "2025-12-28T15:42:18.54Z" },
    { url = "https://files.pythonhosted.org/packages/2a/c6/cd860fac08780c6fd659732f6ced1b40b79c35977c1356344e44d72ba6c4/coverage-7.13.1-cp314-cp314-musllinux_1_2_riscv64.whl", hash = "sha256:e825dbb7f84dfa24663dd75835e7257f8882629fc11f03ecf77d84a75134b864", size = 250008, upload-time = "2025-12-28T15:42:20.365Z" },
    { url = "https://files.pythonhosted.org/packages/f0/3a/a8c58d3d38f82a5711e1e0a67268362af48e1a03df27c03072ac30feefcf/coverage-7.13.1-cp314-cp314-musllinux_1_2_x86_64.whl", hash = "sha256:623dcc6d7a7ba450bbdbeedbaa0c42b329bdae16491af2282f12a7e809be7eb9", size = 251671, upload-time = "2025-12-28T15:42:22.114Z" },
    { url = "https://files.pythonhosted.org/packages/f0/bc/fd4c1da651d037a1e3d53e8cb3f8182f4b53271ffa9a95a2e211bacc0349/coverage-7.13.1-cp314-cp314-win32.whl", hash = "sha256:6e73ebb44dca5f708dc871fe0b90cf4cff1a13f9956f747cc87b535a840386f5", size = 221777, upload-time = "2025-12-28T15:42:23.919Z" },
    { url = "https://files.pythonhosted.org/packages/4b/50/71acabdc8948464c17e90b5ffd92358579bd0910732c2a1c9537d7536aa6/coverage-7.13.1-cp314-cp314-win_amd64.whl", hash = "sha256:be753b225d159feb397bd0bf91ae86f689bad0da09d3b301478cd39b878ab31a", size = 222592, upload-time = "2025-12-28T15:42:25.619Z" },
    { url = "https://files.pythonhosted.org/packages/f7/c8/a6fb943081bb0cc926499c7907731a6dc9efc2cbdc76d738c0ab752f1a32/coverage-7.13.1-cp314-cp314-win_arm64.whl", hash = "sha256:228b90f613b25ba0019361e4ab81520b343b622fc657daf7e501c4ed6a2366c0", size = 221169, upload-time = "2025-12-28T15:42:27.629Z" },
    { url = "https://files.pythonhosted.org/packages/16/61/d5b7a0a0e0e40d62e59bc8c7aa1afbd86280d82728ba97f0673b746b78e2/coverage-7.13.1-cp314-cp314t-macosx_10_15_x86_64.whl", hash = "sha256:60cfb538fe9ef86e5b2ab0ca8fc8d62524777f6c611dcaf76dc16fbe9b8e698a", size = 219730, upload-time = "2025-12-28T15:42:29.306Z" },
    { url = "https://files.pythonhosted.org/packages/a3/2c/8881326445fd071bb49514d1ce97d18a46a980712b51fee84f9ab42845b4/coverage-7.13.1-cp314-cp314t-macosx_11_0_arm64.whl", hash = "sha256:57dfc8048c72ba48a8c45e188d811e5efd7e49b387effc8fb17e97936dde5bf6", size = 220001, upload-time = "2025-12-28T15:42:31.319Z" },
    { url = "https://files.pythonhosted.org/packages/b5/d7/50de63af51dfa3a7f91cc37ad8fcc1e244b734232fbc8b9ab0f3c834a5cd/coverage-7.13.1-cp314-cp314t-manylinux1_i686.manylinux_2_28_i686.manylinux_2_5_i686.whl", hash = "sha256:3f2f725aa3e909b3c5fdb8192490bdd8e1495e85906af74fe6e34a2a77ba0673", size = 261370, upload-time = "2025-12-28T15:42:32.992Z" },
    { url = "https://files.pythonhosted.org/packages/e1/2c/d31722f0ec918fd7453b2758312729f645978d212b410cd0f7c2aed88a94/coverage-7.13.1-cp314-cp314t-manylinux1_x86_64.manylinux_2_28_x86_64.manylinux_2_5_x86_64.whl", hash = "sha256:9ee68b21909686eeb21dfcba2c3b81fee70dcf38b140dcd5aa70680995fa3aa5", size = 263485, upload-time = "2025-12-28T15:42:34.759Z" },
    { url = "https://files.pythonhosted.org/packages/fa/7a/2c114fa5c5fc08ba0777e4aec4c97e0b4a1afcb69c75f1f54cff78b073ab/coverage-7.13.1-cp314-cp314t-manylinux2014_aarch64.manylinux_2_17_aarch64.manylinux_2_28_aarch64.whl", hash = "sha256:724b1b270cb13ea2e6503476e34541a0b1f62280bc997eab443f87790202033d", size = 265890, upload-time = "2025-12-28T15:42:36.517Z" },
    { url = "https://files.pythonhosted.org/packages/65/d9/f0794aa1c74ceabc780fe17f6c338456bbc4e96bd950f2e969f48ac6fb20/coverage-7.13.1-cp314-cp314t-manylinux_2_31_riscv64.manylinux_2_39_riscv64.whl", hash = "sha256:916abf1ac5cf7eb16bc540a5bf75c71c43a676f5c52fcb9fe75a2bd75fb944e8", size = 260445, upload-time = "2025-12-28T15:42:38.646Z" },
    { url = "https://files.pythonhosted.org/packages/49/23/184b22a00d9bb97488863ced9454068c79e413cb23f472da6cbddc6cfc52/coverage-7.13.1-cp314-cp314t-musllinux_1_2_aarch64.whl", hash = "sha256:776483fd35b58d8afe3acbd9988d5de592ab6da2d2a865edfdbc9fdb43e7c486", size = 263357, upload-time = "2025-12-28T15:42:40.788Z" },
    { url = "https://files.pythonhosted.org/packages/7d/bd/58af54c0c9199ea4190284f389005779d7daf7bf3ce40dcd2d2b2f96da69/coverage-7.13.1-cp314-cp314t-musllinux_1_2_i686.whl", hash = "sha256:b6f3b96617e9852703f5b633ea01315ca45c77e879584f283c44127f0f1ec564", size = 260959, upload-time = "2025-12-28T15:42:42.808Z" },
    { url = "https://files.pythonhosted.org/packages/4b/2a/6839294e8f78a4891bf1df79d69c536880ba2f970d0ff09e7513d6e352e9/coverage-7.13.1-cp314-cp314t-musllinux_1_2_riscv64.whl", hash = "sha256:bd63e7b74661fed317212fab774e2a648bc4bb09b35f25474f8e3325d2945cd7", size = 259792, upload-time = "2025-12-28T15:42:44.818Z" },
    { url = "https://files.pythonhosted.org/packages/ba/c3/528674d4623283310ad676c5af7414b9850ab6d55c2300e8aa4b945ec554/coverage-7.13.1-cp314-cp314t-musllinux_1_2_x86_64.whl", hash = "sha256:933082f161bbb3e9f90d00990dc956120f608cdbcaeea15c4d897f56ef4fe416", size = 262123, upload-time = "2025-12-28T15:42:47.108Z" },
    { url = "https://files.pythonhosted.org/packages/06/c5/8c0515692fb4c73ac379d8dc09b18eaf0214ecb76ea6e62467ba7a1556ff/coverage-7.13.1-cp314-cp314t-win32.whl", hash = "sha256:18be793c4c87de2965e1c0f060f03d9e5aff66cfeae8e1dbe6e5b88056ec153f", size = 222562, upload-time = "2025-12-28T15:42:49.144Z" },
    { url = "https://files.pythonhosted.org/packages/05/0e/c0a0c4678cb30dac735811db529b321d7e1c9120b79bd728d4f4d6b010e9/coverage-7.13.1-cp314-cp314t-win_amd64.whl", hash = "sha256:0e42e0ec0cd3e0d851cb3c91f770c9301f48647cb2877cb78f74bdaa07639a79", size = 223670, upload-time = "2025-12-28T15:42:51.218Z" },
    { url = "https://files.pythonhosted.org/packages/f5/5f/b177aa0011f354abf03a8f30a85032686d290fdeed4222b27d36b4372a50/coverage-7.13.1-cp314-cp314t-win_arm64.whl", hash = "sha256:eaecf47ef10c72ece9a2a92118257da87e460e113b83cc0d2905cbbe931792b4", size = 221707, upload-time = "2025-12-28T15:42:53.034Z" },
    { url = "https://files.pythonhosted.org/packages/cc/48/d9f421cb8da5afaa1a64570d9989e00fb7955e6acddc5a12979f7666ef60/coverage-7.13.1-py3-none-any.whl", hash = "sha256:2016745cb3ba554469d02819d78958b571792bb68e31302610e898f80dd3a573", size = 210722, upload-time = "2025-12-28T15:42:54.901Z" },
]

[[package]]
name = "dacite"
version = "1.9.2"
source = { registry = "https://pypi.org/simple" }
sdist = { url = "https://files.pythonhosted.org/packages/55/a0/7ca79796e799a3e782045d29bf052b5cde7439a2bbb17f15ff44f7aacc63/dacite-1.9.2.tar.gz", hash = "sha256:6ccc3b299727c7aa17582f0021f6ae14d5de47c7227932c47fec4cdfefd26f09", size = 22420, upload-time = "2025-02-05T09:27:29.757Z" }
wheels = [
    { url = "https://files.pythonhosted.org/packages/94/35/386550fd60316d1e37eccdda609b074113298f23cef5bddb2049823fe666/dacite-1.9.2-py3-none-any.whl", hash = "sha256:053f7c3f5128ca2e9aceb66892b1a3c8936d02c686e707bee96e19deef4bc4a0", size = 16600, upload-time = "2025-02-05T09:27:24.345Z" },
]

[[package]]
name = "freezegun"
version = "1.5.5"
source = { registry = "https://pypi.org/simple" }
dependencies = [
    { name = "python-dateutil" },
]
sdist = { url = "https://files.pythonhosted.org/packages/95/dd/23e2f4e357f8fd3bdff613c1fe4466d21bfb00a6177f238079b17f7b1c84/freezegun-1.5.5.tar.gz", hash = "sha256:ac7742a6cc6c25a2c35e9292dfd554b897b517d2dec26891a2e8debf205cb94a", size = 35914, upload-time = "2025-08-09T10:39:08.338Z" }
wheels = [
    { url = "https://files.pythonhosted.org/packages/5e/2e/b41d8a1a917d6581fc27a35d05561037b048e47df50f27f8ac9c7e27a710/freezegun-1.5.5-py3-none-any.whl", hash = "sha256:cd557f4a75cf074e84bc374249b9dd491eaeacd61376b9eb3c423282211619d2", size = 19266, upload-time = "2025-08-09T10:39:06.636Z" },
]

[[package]]
name = "iniconfig"
version = "2.3.0"
source = { registry = "https://pypi.org/simple" }
sdist = { url = "https://files.pythonhosted.org/packages/72/34/14ca021ce8e5dfedc35312d08ba8bf51fdd999c576889fc2c24cb97f4f10/iniconfig-2.3.0.tar.gz", hash = "sha256:c76315c77db068650d49c5b56314774a7804df16fee4402c1f19d6d15d8c4730", size = 20503, upload-time = "2025-10-18T21:55:43.219Z" }
wheels = [
    { url = "https://files.pythonhosted.org/packages/cb/b1/3846dd7f199d53cb17f49cba7e651e9ce294d8497c8c150530ed11865bb8/iniconfig-2.3.0-py3-none-any.whl", hash = "sha256:f631c04d2c48c52b84d0d0549c99ff3859c98df65b3101406327ecc7d53fbf12", size = 7484, upload-time = "2025-10-18T21:55:41.639Z" },
]

[[package]]
name = "packaging"
version = "25.0"
source = { registry = "https://pypi.org/simple" }
sdist = { url = "https://files.pythonhosted.org/packages/a1/d4/1fc4078c65507b51b96ca8f8c3ba19e6a61c8253c72794544580a7b6c24d/packaging-25.0.tar.gz", hash = "sha256:d443872c98d677bf60f6a1f2f8c1cb748e8fe762d2bf9d3148b5599295b0fc4f", size = 165727, upload-time = "2025-04-19T11:48:59.673Z" }
wheels = [
    { url = "https://files.pythonhosted.org/packages/20/12/38679034af332785aac8774540895e234f4d07f7545804097de4b666afd8/packaging-25.0-py3-none-any.whl", hash = "sha256:29572ef2b1f17581046b3a2227d5c611fb25ec70ca1ba8554b24b0e69331a484", size = 66469, upload-time = "2025-04-19T11:48:57.875Z" },
]

[[package]]
name = "pluggy"
version = "1.6.0"
source = { registry = "https://pypi.org/simple" }
sdist = { url = "https://files.pythonhosted.org/packages/f9/e2/3e91f31a7d2b083fe6ef3fa267035b518369d9511ffab804f839851d2779/pluggy-1.6.0.tar.gz", hash = "sha256:7dcc130b76258d33b90f61b658791dede3486c3e6bfb003ee5c9bfb396dd22f3", size = 69412, upload-time = "2025-05-15T12:30:07.975Z" }
wheels = [
    { url = "https://files.pythonhosted.org/packages/54/20/4d324d65cc6d9205fabedc306948156824eb9f0ee1633355a8f7ec5c66bf/pluggy-1.6.0-py3-none-any.whl", hash = "sha256:e920276dd6813095e9377c0bc5566d94c932c33b27a3e3945d8389c374dd4746", size = 20538, upload-time = "2025-05-15T12:30:06.134Z" },
]

[[package]]
name = "prek"
version = "0.4.8"
source = { registry = "https://pypi.org/simple" }
sdist = { url = "https://files.pythonhosted.org/packages/8e/46/e436a6eb9fdb4d3fd08d0ab7fdba19fe03a9e994ec810de57869b853bd8e/prek-0.4.8.tar.gz", hash = "sha256:d15d8bef72ab7b02c7dc01458ac9e05b3131534492b5ce9bb11c4f6f636fa868", size = 494570, upload-time = "2026-07-04T12:05:10.941Z" }
wheels = [
    { url = "https://files.pythonhosted.org/packages/5c/78/b4149c8913ced2e42debb49e261c4788a1ce431e84226921c2e1a7ea8545/prek-0.4.8-py3-none-linux_armv6l.whl", hash = "sha256:1f8f8cdc65836b571824c965daebb81b449f7e4a43894c58621f5708d5a185ed", size = 5668955, upload-time = "2026-07-04T12:04:41.588Z" },
    { url = "https://files.pythonhosted.org/packages/76/5f/7f54a0087b6b2f1751aeb41266d9c15e66fd0055492814798ab818cd0414/prek-0.4.8-py3-none-macosx_10_12_x86_64.whl", hash = "sha256:bce1798e96d9e3a6e6abf435da7107e81452f69edb3ca7c6f90a457355ea46e2", size = 6030947, upload-time = "2026-07-04T12:04:43.8Z" },
    { url = "https://files.pythonhosted.org/packages/6c/d6/f2829fc3902920c36b764a386fa303e71a8219dac25cb3827c575e84199a/prek-0.4.8-py3-none-macosx_11_0_arm64.whl", hash = "sha256:ab3a52db17254d701c3cebb7eea58c8230aa7c1959aacfd5b5f25de18edb15d1", size = 5572593, upload-time = "2026-07-04T12:04:45.763Z" },
    { url = "https://files.pythonhosted.org/packages/74/8c/c5589955bcd5e3e33b67d8bc3110818cecac82a38fd6bc8b5dfdc5de421c/prek-0.4.8-py3-none-manylinux_2_17_aarch64.manylinux2014_aarch64.musllinux_1_1_aarch64.whl", hash = "sha256:b3fcfd620523bbc3f51a21d7cd63449f659b9e2cf3582de12dd5949e23227b8f", size = 5847150, upload-time = "2026-07-04T12:04:47.419Z" },
    { url = "https://files.pythonhosted.org/packages/2d/9d/1f2dc91bdb79d2c4714b27eac9477a51490fba5b4731330dbbebc76bd345/prek-0.4.8-py3-none-manylinux_2_17_armv7l.manylinux2014_armv7l.whl", hash = "sha256:42e65bc8425e9d7f1691a13ca1da2e07807d1ba76c35740833354b945131689e", size = 5573738, upload-time = "2026-07-04T12:04:49.125Z" },
    { url = "https://files.pythonhosted.org/packages/81/29/69a7b58e16ecbc5f3989bf4b028018d11a82dcdd320b93d6588d72f32aa7/prek-0.4.8-py3-none-manylinux_2_17_i686.manylinux2014_i686.whl", hash = "sha256:f578492a8e0c9bc6b4bf6dfbba8716f647d4cd0769bf10ad6cf336e3096fd392", size = 5981054, upload-time = "2026-07-04T12:04:50.842Z" },
    { url = "https://files.pythonhosted.org/packages/63/cc/9b9850a60c22ed18c7755ebd2d72c6eefb37fac58149d09f6adc4691c2cf/prek-0.4.8-py3-none-manylinux_2_17_s390x.manylinux2014_s390x.whl", hash = "sha256:d4335f9d5beb123a3884a7fe34f57c9f0828f4fbb7666beab4298833459b104f", size = 6751350, upload-time = "2026-07-04T12:04:52.529Z" },
    { url = "https://files.pythonhosted.org/packages/01/e5/c425aa7272b430630119e6757def3a2007555ba8cbeb2630e0448e7a8b7f/prek-0.4.8-py3-none-manylinux_2_17_x86_64.manylinux2014_x86_64.whl", hash = "sha256:18a8747df9c602e052881d3efb14dd7f7d62a59bd7277ae5171c9e7661d59d84", size = 6243881, upload-time = "2026-07-04T12:04:54.703Z" },
    { url = "https://files.pythonhosted.org/packages/1c/da/accd3ad07fd2891d3c2777eb42435439fdf11982c51d60f087c0b6b6e102/prek-0.4.8-py3-none-manylinux_2_28_aarch64.whl", hash = "sha256:4db639db481d5f854eff9b3d2108889e613b8c15868bcf6bdd777c7cee577436", size = 5848846, upload-time = "2026-07-04T12:04:56.402Z" },
    { url = "https://files.pythonhosted.org/packages/15/00/3477704635249f21f5f98ce444cd7690c2aa9dc8d146a045db88ef2cd8c5/prek-0.4.8-py3-none-manylinux_2_31_riscv64.whl", hash = "sha256:c3890a6f92316d2cf44eb50584e8d2b23a596dd70487022e61186a71a2ac0900", size = 5713942, upload-time = "2026-07-04T12:04:58.311Z" },
    { url = "https://files.pythonhosted.org/packages/fb/e6/3ca4fabaebeadc976d9a92d1d9130674265355ea3b728418bad61583b097/prek-0.4.8-py3-none-musllinux_1_1_armv7l.whl", hash = "sha256:fc7e15c24c591a37c6ffce5b25a021b16c299ac2649f183d812b67d665cd6551", size = 5554725, upload-time = "2026-07-04T12:04:59.96Z" },
    { url = "https://files.pythonhosted.org/packages/a5/46/2ab6aaaeff0cedb8955b2e4032071c8712382bdd423bb849718c3720180d/prek-0.4.8-py3-none-musllinux_1_1_i686.whl", hash = "sha256:36fe721704ff0c7624c1167639e23a5fe658bfd38c314f487219c9afd1eeb733", size = 5838595, upload-time = "2026-07-04T12:05:01.861Z" },
    { url = "https://files.pythonhosted.org/packages/ae/8b/91398f2b6cd1629d5d8ca8c85b08eca500814a374313b0193f4aaf6ab6c4/prek-0.4.8-py3-none-musllinux_1_1_x86_64.whl", hash = "sha256:162e544abc394a8124f3a4ad68efee116bad09440e679dbd1675177335c2a432", size = 6357222, upload-time = "2026-07-04T12:05:03.845Z" },
    { url = "https://files.pythonhosted.org/packages/b2/2a/ce5cbfaad36866134a21754640a05ecdba641fcd7ad15aa74cf3443f34f6/prek-0.4.8-py3-none-win32.whl", hash = "sha256:2602e46c8c5da7dfa69f60fcf88c2b57132ac623f49fb08bfb3094298c5f07e3", size = 5354388, upload-time = "2026-07-04T12:05:05.587Z" },
    { url = "https://files.pythonhosted.org/packages/df/03/3bc908bc5f7e430315553e47dfa055f19923a3888f9afe4da19f244b5cbf/prek-0.4.8-py3-none-win_amd64.whl", hash = "sha256:7cb22da60bee41b89c4978c0bea7126a3c0ccc003dae6748cf29b53947815edc", size = 5748221, upload-time = "2026-07-04T12:05:07.559Z" },
    { url = "https://files.pythonhosted.org/packages/dd/a7/4295e6d5f5028171dfeb115ad38ab76bf3fe0c8df91b70d73c79aa760a94/prek-0.4.8-py3-none-win_arm64.whl", hash = "sha256:da70057f577b15d4bd121bf9dd29ee205fd4b4d75a0cafba062e84d7e8b4378b", size = 5574425, upload-time = "2026-07-04T12:05:09.595Z" },
]

[[package]]
name = "pyasn1"
version = "0.6.4"
source = { registry = "https://pypi.org/simple" }
sdist = { url = "https://files.pythonhosted.org/packages/a4/9a/23310166d960def5897e91fe20e5b724601b02a22e84ba1f94232c0b7f67/pyasn1-0.6.4.tar.gz", hash = "sha256:9c447d8431c947fe4c8febc4ed9e760bc29011a5b01e5c74b67025bd9fb8ce81", size = 151262, upload-time = "2026-07-09T01:12:33.988Z" }
wheels = [
    { url = "https://files.pythonhosted.org/packages/9a/3b/6163796d69c3977d1e4287bea4a6979161cbbdd170ebb430511e8e1999ce/pyasn1-0.6.4-py3-none-any.whl", hash = "sha256:deda9277cfd454080ec40b207fb6df82206a3a2688735233cdcd8d3d565f088b", size = 84410, upload-time = "2026-07-09T01:12:32.92Z" },
]

[[package]]
name = "pygments"
version = "2.20.0"
source = { registry = "https://pypi.org/simple" }
sdist = { url = "https://files.pythonhosted.org/packages/c3/b2/bc9c9196916376152d655522fdcebac55e66de6603a76a02bca1b6414f6c/pygments-2.20.0.tar.gz", hash = "sha256:6757cd03768053ff99f3039c1a36d6c0aa0b263438fcab17520b30a303a82b5f", size = 4955991, upload-time = "2026-03-29T13:29:33.898Z" }
wheels = [
    { url = "https://files.pythonhosted.org/packages/f4/7e/a72dd26f3b0f4f2bf1dd8923c85f7ceb43172af56d63c7383eb62b332364/pygments-2.20.0-py3-none-any.whl", hash = "sha256:81a9e26dd42fd28a23a2d169d86d7ac03b46e2f8b59ed4698fb4785f946d0176", size = 1231151, upload-time = "2026-03-29T13:29:30.038Z" },
]

[[package]]
name = "pysnmp"
version = "7.1.27"
source = { registry = "https://pypi.org/simple" }
dependencies = [
    { name = "pyasn1" },
]
sdist = { url = "https://files.pythonhosted.org/packages/8d/6e/0d9c8a59ff4d6cb9c2477fe4cd106cb20cd6bbf008a0bca0c45ebb17aaad/pysnmp-7.1.27.tar.gz", hash = "sha256:01ce32d1bb0a14e8e3410a43fb7a8a7b050ec06186dc9ec240fcefa4af8b963c", size = 260310, upload-time = "2026-05-16T07:01:39.64Z" }
wheels = [
    { url = "https://files.pythonhosted.org/packages/fa/be/d509cf05e5af40715aa4a562ee16d3c303433d451b6f768593e92e6796d7/pysnmp-7.1.27-py3-none-any.whl", hash = "sha256:314ad98d94d9ed445d4bb07721c374ec6ca4158fb41f92b9bc72feb9557513f7", size = 344440, upload-time = "2026-05-16T07:01:37.981Z" },
]

[[package]]
name = "pytest"
version = "9.1.1"
source = { registry = "https://pypi.org/simple" }
dependencies = [
    { name = "colorama", marker = "sys_platform == 'win32'" },
    { name = "iniconfig" },
    { name = "packaging" },
    { name = "pluggy" },
    { name = "pygments" },
]
sdist = { url = "https://files.pythonhosted.org/packages/e4/47/b9efed96c114afcfa3c9d3fe98a76a1d14c74a9e266d397cf6eb64be5e01/pytest-9.1.1.tar.gz", hash = "sha256:1088fbde8f2b49d95a549a195707afa7a76a3ce9bcadc26b6d71f0ffda5fe313", size = 1636369, upload-time = "2026-06-19T10:58:32.857Z" }
wheels = [
    { url = "https://files.pythonhosted.org/packages/24/25/1de2678b631f5a49215c6c96fff41ba892b0a34df68d6d80292b1b48aa7f/pytest-9.1.1-py3-none-any.whl", hash = "sha256:37a86b45efb9a47a61a36449063e8e18d0cab3161329fc099eb21783169c4f0c", size = 386536, upload-time = "2026-06-19T10:58:31.347Z" },
]

[[package]]
name = "pytest-asyncio"
version = "1.4.0"
source = { registry = "https://pypi.org/simple" }
dependencies = [
    { name = "pytest" },
]
sdist = { url = "https://files.pythonhosted.org/packages/43/7c/d36d04db312ecf4298932ef77e6e4a9e8ad017906e24e34f0b0c361a2473/pytest_asyncio-1.4.0.tar.gz", hash = "sha256:c6c0d2259945122819f171a32ecea2c349ead889ee28176caaf492143424be42", size = 58514, upload-time = "2026-05-26T09:56:04.083Z" }
wheels = [
    { url = "https://files.pythonhosted.org/packages/03/e2/08a497ef684b88559c9cc5f4ad53a37e7b99e727094a86d6ea32536d5d3c/pytest_asyncio-1.4.0-py3-none-any.whl", hash = "sha256:933ca923a23075a87fb7070c0ec272a6848489824d887c85c812670932835aa1", size = 16930, upload-time = "2026-05-26T09:56:02.576Z" },
]

[[package]]
name = "pytest-cov"
version = "7.1.0"
source = { registry = "https://pypi.org/simple" }
dependencies = [
    { name = "coverage" },
    { name = "pluggy" },
    { name = "pytest" },
]
sdist = { url = "https://files.pythonhosted.org/packages/b1/51/a849f96e117386044471c8ec2bd6cfebacda285da9525c9106aeb28da671/pytest_cov-7.1.0.tar.gz", hash = "sha256:30674f2b5f6351aa09702a9c8c364f6a01c27aae0c1366ae8016160d1efc56b2", size = 55592, upload-time = "2026-03-21T20:11:16.284Z" }
wheels = [
    { url = "https://files.pythonhosted.org/packages/9d/7a/d968e294073affff457b041c2be9868a40c1c71f4a35fcc1e45e5493067b/pytest_cov-7.1.0-py3-none-any.whl", hash = "sha256:a0461110b7865f9a271aa1b51e516c9a95de9d696734a2f71e3e78f46e1d4678", size = 22876, upload-time = "2026-03-21T20:11:14.438Z" },
]

[[package]]
name = "pytest-error-for-skips"
version = "2.0.2"
source = { registry = "https://pypi.org/simple" }
dependencies = [
    { name = "pytest" },
]
sdist = { url = "https://files.pythonhosted.org/packages/5a/96/3d77e3446430168df51af2033cb24675301b29c474b64a10c1abc5f2577a/pytest-error-for-skips-2.0.2.tar.gz", hash = "sha256:d4d0c89036a4105cabbc5e488c4078756c29cc2e5805b0694c3d9e49e52c0d11", size = 3612, upload-time = "2019-12-19T20:31:17.401Z" }
wheels = [
    { url = "https://files.pythonhosted.org/packages/8f/0b/1408ee0604b2cdb7f095149751809403622abd6ebec2566db88ad8314de1/pytest_error_for_skips-2.0.2-py3-none-any.whl", hash = "sha256:ccc4029c04f1737aa81445c5f3599247f8a64d279741b4a66bf003782fa00492", size = 3965, upload-time = "2019-12-19T20:31:15.715Z" },
]

[[package]]
name = "pytest-timeout"
version = "2.4.0"
source = { registry = "https://pypi.org/simple" }
dependencies = [
    { name = "pytest" },
]
sdist = { url = "https://files.pythonhosted.org/packages/ac/82/4c9ecabab13363e72d880f2fb504c5f750433b2b6f16e99f4ec21ada284c/pytest_timeout-2.4.0.tar.gz", hash = "sha256:7e68e90b01f9eff71332b25001f85c75495fc4e3a836701876183c4bcfd0540a", size = 17973, upload-time = "2025-05-05T19:44:34.99Z" }
wheels = [
    { url = "https://files.pythonhosted.org/packages/fa/b6/3127540ecdf1464a00e5a01ee60a1b09175f6913f0644ac748494d9c4b21/pytest_timeout-2.4.0-py3-none-any.whl", hash = "sha256:c42667e5cdadb151aeb5b26d114aff6bdf5a907f176a007a30b940d3d865b5c2", size = 14382, upload-time = "2025-05-05T19:44:33.502Z" },
]

[[package]]
name = "python-dateutil"
version = "2.9.0.post0"
source = { registry = "https://pypi.org/simple" }
dependencies = [
    { name = "six" },
]
sdist = { url = "https://files.pythonhosted.org/packages/66/c0/0c8b6ad9f17a802ee498c46e004a0eb49bc148f2fd230864601a86dcf6db/python-dateutil-2.9.0.post0.tar.gz", hash = "sha256:37dd54208da7e1cd875388217d5e00ebd4179249f90fb72437e91a35459a0ad3", size = 342432, upload-time = "2024-03-01T18:36:20.211Z" }
wheels = [
    { url = "https://files.pythonhosted.org/packages/ec/57/56b9bcc3c9c6a792fcbaf139543cee77261f3651ca9da0c93f5c1221264b/python_dateutil-2.9.0.post0-py2.py3-none-any.whl", hash = "sha256:a8b2bc7bffae282281c8140a97d3aa9c14da0b136dfe83f850eea9a5f7470427", size = 229892, upload-time = "2024-03-01T18:36:18.57Z" },
]

[[package]]
name = "ruff"
version = "0.15.21"
source = { registry = "https://pypi.org/simple" }
sdist = { url = "https://files.pythonhosted.org/packages/0f/36/6f65aa9989acdec45d417192d8f4e7921931d8a6cf87ac74bce3eed98a8e/ruff-0.15.21.tar.gz", hash = "sha256:d0cfc841c572283c36548f82664a54ce6565567f1b0d5b4cf2caac693d8b7500", size = 4769401, upload-time = "2026-07-09T20:01:34.005Z" }
wheels = [
    { url = "https://files.pythonhosted.org/packages/d0/c6/ede15cac6839f3dbce52565c8f5164a8210e669c7bc4decb03e5bdf47d0d/ruff-0.15.21-py3-none-linux_armv6l.whl", hash = "sha256:63ea0e965e5d73c90e95b2434beeafc70820536717f561b32ab6e777cb9bdf5d", size = 10854342, upload-time = "2026-07-09T20:00:53.998Z" },
    { url = "https://files.pythonhosted.org/packages/28/9d/d825b07ee7ea9e2d61df92a860033c94e06e7300d50a1c2653aac27d24fe/ruff-0.15.21-py3-none-macosx_10_12_x86_64.whl", hash = "sha256:0f212c5d7d54c01bbfe6dcab02b724a39300f3e34ed7acbe995ccb320a2c58bd", size = 11139539, upload-time = "2026-07-09T20:00:57.809Z" },
    { url = "https://files.pythonhosted.org/packages/f5/de/3b107712e642f063c7a9e0887c427b22cb44097de5aab36c05f2e280670c/ruff-0.15.21-py3-none-macosx_11_0_arm64.whl", hash = "sha256:e6312e41bc96791299614995ea3a977c5857c3b5662b1ecef6755b02b87cb646", size = 10595437, upload-time = "2026-07-09T20:01:00.006Z" },
    { url = "https://files.pythonhosted.org/packages/9a/6f/b4523cc90ba239ede441447a19d0c968846a3012e5a0b0c5b62831a3d5e3/ruff-0.15.21-py3-none-manylinux_2_17_aarch64.manylinux2014_aarch64.whl", hash = "sha256:01d65b4831c6b2a4ba8ee6faa84049d44d982b7a706e622c4094c509e51673be", size = 10990053, upload-time = "2026-07-09T20:01:02.187Z" },
    { url = "https://files.pythonhosted.org/packages/92/cc/c6a9872a5375f0628875481cf2f66b13d7d865bf3ca2e57f91c7e762d976/ruff-0.15.21-py3-none-manylinux_2_17_armv7l.manylinux2014_armv7l.whl", hash = "sha256:2c5a913a589120ce67933d5d05fd6ddbcc2481c6a054980ee767f7414c72b4fd", size = 10666096, upload-time = "2026-07-09T20:01:04.299Z" },
    { url = "https://files.pythonhosted.org/packages/ab/97/c621f7a17e097f1790fa3af6374138823b330b2d03fc38337945daca212c/ruff-0.15.21-py3-none-manylinux_2_17_i686.manylinux2014_i686.whl", hash = "sha256:5ef04b681d02ad4dc9620f00f83ac5c22f652d0e9a9cfe431d219b16ad5ccc41", size = 11537011, upload-time = "2026-07-09T20:01:06.771Z" },
    { url = "https://files.pythonhosted.org/packages/ea/51/d928727e476e25ccc57c6f449ffd80241a651a973ad949d39cfb2a771d28/ruff-0.15.21-py3-none-manylinux_2_17_ppc64le.manylinux2014_ppc64le.whl", hash = "sha256:16d090c0740916594157e75b80d666eab8e78083b39b3b0e1d698f4670a17b86", size = 12347101, upload-time = "2026-07-09T20:01:08.859Z" },
    { url = "https://files.pythonhosted.org/packages/1e/88/8cd62026802b16018ad06931d87997cf795ba2a6239ab659606c87d96bf0/ruff-0.15.21-py3-none-manylinux_2_17_s390x.manylinux2014_s390x.whl", hash = "sha256:3a10e74757dd65004d779b73e2f3c5210156d9980b41224d50d2ebcf1db51e67", size = 11572001, upload-time = "2026-07-09T20:01:11.092Z" },
    { url = "https://files.pythonhosted.org/packages/b2/97/f63084cf55444fc110e8cb985ebfcc592af47f597d44453d778cb81bc156/ruff-0.15.21-py3-none-manylinux_2_17_x86_64.manylinux2014_x86_64.whl", hash = "sha256:bab0905d2f29e0d9fbc3c373ed23db0095edaa3f71f1f4f519ec15134d9e85c8", size = 11549239, upload-time = "2026-07-09T20:01:13.27Z" },
    { url = "https://files.pythonhosted.org/packages/9d/77/f107da4a2874b7715914b03f09ba9c54424de3ff8a1cc5d015d3ee2ce0ac/ruff-0.15.21-py3-none-manylinux_2_31_riscv64.whl", hash = "sha256:00eca240af5789fec6fe7df74c088cc1f9644ed83027113468efba7c92b94075", size = 11535340, upload-time = "2026-07-09T20:01:15.206Z" },
    { url = "https://files.pythonhosted.org/packages/d5/e9/601deb322d3303a7bf212b0100ead6f2ee3f6a044d89c30f2f92bf83c731/ruff-0.15.21-py3-none-musllinux_1_2_aarch64.whl", hash = "sha256:262ab31557a75141325e32d3357f3597645a7f084e732b6b054dde428ecd9341", size = 10964048, upload-time = "2026-07-09T20:01:17.723Z" },
    { url = "https://files.pythonhosted.org/packages/ea/2e/0f2176d1e99c15192caea19c8c3a0a955246b4cb4de795042eeb616345cd/ruff-0.15.21-py3-none-musllinux_1_2_armv7l.whl", hash = "sha256:659c4e7a4212f83306045ec7c5e5a356d16d9a6ef4ae0c7a4d872914fc655d9d", size = 10667055, upload-time = "2026-07-09T20:01:19.73Z" },
    { url = "https://files.pythonhosted.org/packages/48/60/abd74a02e0c4214f12a68becfd30af7165cfdcb0e661ecdc60bbb949c09a/ruff-0.15.21-py3-none-musllinux_1_2_i686.whl", hash = "sha256:9e866eab611a5f959d36df2d10e446973a3610bc42b0c15b31dc27977d59c233", size = 11242043, upload-time = "2026-07-09T20:01:21.947Z" },
    { url = "https://files.pythonhosted.org/packages/b2/c6/583075d8ccabb4b229345edcaf1545eb3d8d6be90f686a479d7e94088bbf/ruff-0.15.21-py3-none-musllinux_1_2_x86_64.whl", hash = "sha256:e89bc93c0d3803ba870b55c29671bad9dc6d94bb1eb181b056b52eb05b52854f", size = 11648064, upload-time = "2026-07-09T20:01:24.023Z" },
    { url = "https://files.pythonhosted.org/packages/3a/3c/37d0ecb729a7cc2d393ea7dce316fc585680f35d93b8d62139d7d0a3700c/ruff-0.15.21-py3-none-win32.whl", hash = "sha256:01f8d5be84823c172b389e123174f781f9daf86d6c58719d603f941932195cdd", size = 10896555, upload-time = "2026-07-09T20:01:26.941Z" },
    { url = "https://files.pythonhosted.org/packages/c0/b8/e43466b2a6067ce91e669068f6e28d6c719a920f014b070d5c8731725de3/ruff-0.15.21-py3-none-win_amd64.whl", hash = "sha256:d4b8d9a2f0f12b816b50447f6eccb9f4bb01a6b82c86b50fb3b5354b458dc6d3", size = 12038772, upload-time = "2026-07-09T20:01:29.497Z" },
    { url = "https://files.pythonhosted.org/packages/dd/75/e90ab9aeece218a9fc5a5bc3ec97d0ee6bb3c4ff95869463c1de58e29a1c/ruff-0.15.21-py3-none-win_arm64.whl", hash = "sha256:6e83115d4b9377c1cbc13abf0e051f069fab0ef815ea0504a8a008cee24dd0a8", size = 11375265, upload-time = "2026-07-09T20:01:31.772Z" },
]

[[package]]
name = "six"
version = "1.17.0"
source = { registry = "https://pypi.org/simple" }
sdist = { url = "https://files.pythonhosted.org/packages/94/e7/b2c673351809dca68a0e064b6af791aa332cf192da575fd474ed7d6f16a2/six-1.17.0.tar.gz", hash = "sha256:ff70335d468e7eb6ec65b95b99d3a2836546063f63acc5171de367e834932a81", size = 34031, upload-time = "2024-12-04T17:35:28.174Z" }
wheels = [
    { url = "https://files.pythonhosted.org/packages/b7/ce/149a00dd41f10bc29e5921b496af8b574d8413afcd5e30dfa0ed46c2cc5e/six-1.17.0-py2.py3-none-any.whl", hash = "sha256:4721f391ed90541fddacab5acf947aa0d3dc7d27b2e1e8eda2be8970586c3274", size = 11050, upload-time = "2024-12-04T17:35:26.475Z" },
]

[[package]]
name = "syrupy"
version = "5.5.2"
source = { registry = "https://pypi.org/simple" }
dependencies = [
    { name = "pytest" },
]
sdist = { url = "https://files.pythonhosted.org/packages/19/5b/b8108815b88e0fe25f62cc0ec6f17717ed04fb69663e0fc3c8e3824d4b5d/syrupy-5.5.2.tar.gz", hash = "sha256:42fca95ebf5cc376095b4eb5dd142b10146f08731ed676c3f3b7c9421bf56804", size = 91632, upload-time = "2026-07-08T07:45:32.088Z" }
wheels = [
    { url = "https://files.pythonhosted.org/packages/4f/e0/2cba9f06de53b5f4ed4b9433694fe0b8e50d91cdce12371f2e9ae03129e3/syrupy-5.5.2-py3-none-any.whl", hash = "sha256:0856d5c1de82a3b47196e100357acab82ece733385d379e8f253478a9d28f76c", size = 54971, upload-time = "2026-07-08T07:45:30.717Z" },
]

[[package]]
name = "ty"
version = "0.0.58"
source = { registry = "https://pypi.org/simple" }
sdist = { url = "https://files.pythonhosted.org/packages/09/4c/26c90732658903aeb1d289208f7b7b492fa21029e0c4d6c51bdd6f8f5e51/ty-0.0.58.tar.gz", hash = "sha256:8f22484174e65c630660a454bf81b80cae7a3a7e70479f19c170d6cd87949258", size = 6133665, upload-time = "2026-07-10T03:09:30.542Z" }
wheels = [
    { url = "https://files.pythonhosted.org/packages/51/e1/5d1aa2a75829459834689f080e4be7a9d8828ce14b939ebed69161a35811/ty-0.0.58-py3-none-linux_armv6l.whl", hash = "sha256:47412850b6fbef61c42f244f6a51aa2f2c9e91f08cfbafd2d1e3730d2419d317", size = 11706915, upload-time = "2026-07-10T03:08:51.028Z" },
    { url = "https://files.pythonhosted.org/packages/96/e1/929eda9cc72a9afe39a03c76f946a503508d37343cc8ff2e64226afda105/ty-0.0.58-py3-none-macosx_10_12_x86_64.whl", hash = "sha256:79deb7bb4e5b3a1eee6ab9abc724d6ce3559d4977982707f310a139ee11fc703", size = 11532079, upload-time = "2026-07-10T03:08:53.771Z" },
    { url = "https://files.pythonhosted.org/packages/07/43/ebc58b3fc7d86a7abba2829f1674f7d4ae3a08f9794c1f31b707950c871f/ty-0.0.58-py3-none-macosx_11_0_arm64.whl", hash = "sha256:5a28af3187e661708a386d44a4fc32896a5f589fb07b734a11ab2f516e7572b7", size = 11092983, upload-time = "2026-07-10T03:08:56.025Z" },
    { url = "https://files.pythonhosted.org/packages/92/6e/9547dbb8e51e47749cfb721a02b4fc862f9a932fa0f66a34a4d6dc429bb1/ty-0.0.58-py3-none-manylinux_2_17_aarch64.manylinux2014_aarch64.whl", hash = "sha256:21a6977e34bc362fb378add46e59d5d56331c1c36727e6904767217ca8479718", size = 11490492, upload-time = "2026-07-10T03:08:58.49Z" },
    { url = "https://files.pythonhosted.org/packages/d9/76/9f83b51b5e7795d6c8d76b4bb1bb7cebf4c10d609e846c02ab138e404556/ty-0.0.58-py3-none-manylinux_2_17_armv7l.manylinux2014_armv7l.whl", hash = "sha256:3ac23e6bf6105ceca46632debf1b10b98125aaf60202aeae02f6abfeea242b3d", size = 11503696, upload-time = "2026-07-10T03:09:00.741Z" },
    { url = "https://files.pythonhosted.org/packages/47/9d/9fd48a0696c680f74e50f31cd54e524eeb58c97ea9bb1c3b8e04230ba215/ty-0.0.58-py3-none-manylinux_2_17_i686.manylinux2014_i686.whl", hash = "sha256:bb6df6a8c6a21894807a49851370ec7fc64aa910296c78ada31db0ef19359112", size = 12158653, upload-time = "2026-07-10T03:09:02.998Z" },
    { url = "https://files.pythonhosted.org/packages/bc/ea/b5de845d2d8edae04d901c7585af7f04a057e18b26311f7fa4ca62b2da30/ty-0.0.58-py3-none-manylinux_2_17_ppc64le.manylinux2014_ppc64le.whl", hash = "sha256:9df5847eebc026cde088b44420a03f7c6c169a7db747176bdf0a656eb1144713", size = 12723019, upload-time = "2026-07-10T03:09:05.291Z" },
    { url = "https://files.pythonhosted.org/packages/17/1c/54083b23eeff1e101f50b6df6a2c7f1e14b31abe0577c91bcae9e2c9395d/ty-0.0.58-py3-none-manylinux_2_17_s390x.manylinux2014_s390x.whl", hash = "sha256:53a331a7f1f85872c810676a0f16096ef98c1b95c8c9a573fe7fde64d0a93e7c", size = 12275715, upload-time = "2026-07-10T03:09:07.564Z" },
    { url = "https://files.pythonhosted.org/packages/22/88/16925434b06faa49d36aa7e7508a6821ec6feacb429ca2fd80a3d52716b4/ty-0.0.58-py3-none-manylinux_2_17_x86_64.manylinux2014_x86_64.whl", hash = "sha256:fb0b05cd479fdcedc2e6781d376ee1a33569f37ae7f58357004635f615c4374c", size = 12033075, upload-time = "2026-07-10T03:09:10.222Z" },
    { url = "https://files.pythonhosted.org/packages/58/2b/b55708dd483982ae03d14da3667e3f0346cd384e11cca3dd3674a8b598c1/ty-0.0.58-py3-none-manylinux_2_31_riscv64.whl", hash = "sha256:9a0012786077e5becbb6add9fe51eda1d4d36d249afd3ae6cd141d554af15ae3", size = 12367729, upload-time = "2026-07-10T03:09:12.338Z" },
    { url = "https://files.pythonhosted.org/packages/91/a3/99ad66652956408f7e9ac3db6b4a416199d773b6c073cf95b0eea126d340/ty-0.0.58-py3-none-musllinux_1_2_aarch64.whl", hash = "sha256:4ede96d7f6d149156da254e784b062b817736b68d4c6d660555a3d02d96966fb", size = 11439798, upload-time = "2026-07-10T03:09:14.518Z" },
    { url = "https://files.pythonhosted.org/packages/ee/23/344ceed4fe02ed498711e1f4a47b6e311fb1e9c4fecc19d31894be7a3472/ty-0.0.58-py3-none-musllinux_1_2_armv7l.whl", hash = "sha256:47608e58f73901b989402e6f283249cda4c2314282ec368aa74ab61761c62bd5", size = 11512695, upload-time = "2026-07-10T03:09:16.852Z" },
    { url = "https://files.pythonhosted.org/packages/55/cf/3801831812c468f3fd0b3043a80f557a9aa90e6c27375763d7c3121e03f2/ty-0.0.58-py3-none-musllinux_1_2_i686.whl", hash = "sha256:9757de17cc17e4c6bc26e18d4e26dea52ffee53d41a10d9087c6465e6ab12e2b", size = 11812253, upload-time = "2026-07-10T03:09:19.151Z" },
    { url = "https://files.pythonhosted.org/packages/7b/80/bce4f245787b77d1ec9feec7d9161eade5e01a77dbc132e016b24df83b0d/ty-0.0.58-py3-none-musllinux_1_2_x86_64.whl", hash = "sha256:f3776d54c1d935fcb8f814bd58efba402c86c555f93e1144c59d087e7aa8b906", size = 12123918, upload-time = "2026-07-10T03:09:21.636Z" },
    { url = "https://files.pythonhosted.org/packages/46/00/bab3d6268e7e88c792bf7cdde81bd11b31aa587eaba75196502b729747c8/ty-0.0.58-py3-none-win32.whl", hash = "sha256:8f50ec0ac3b42baa4c75895dc367071dc86b00ab440d29fdc72c633286a94815", size = 11230897, upload-time = "2026-07-10T03:09:23.871Z" },
    { url = "https://files.pythonhosted.org/packages/9c/68/d9504c895864aaa84a840dce6ac7f8e681f6938be1882c8d4f60832dbe57/ty-0.0.58-py3-none-win_amd64.whl", hash = "sha256:de8847b3a65475ae4773bddd3126bfcf29f017e88967c4dcc9c75d743a4d3e5c", size = 12299376, upload-time = "2026-07-10T03:09:26.292Z" },
    { url = "https://files.pythonhosted.org/packages/26/04/c9847cb680b5fe8e1f7d7b483edd5cedcc29394496e7b8ed40d96be796ba/ty-0.0.58-py3-none-win_arm64.whl", hash = "sha256:7334bb38789878f60677f2eb9c1de4bfdf4583e2443790989c77da9b10fe0989", size = 11710495, upload-time = "2026-07-10T03:09:28.478Z" },
]
