version = 1
revision = 3
requires-python = ">=3.13"

[[package]]
name = "brother"
version = "0.0.0"
source = { editable = "." }
dependencies = [
    { name = "dacite" },
    { name = "pysnmp" },
]

[package.dev-dependencies]
dev = [
    { name = "prek" },
    { name = "ruff" },
    { name = "ty" },
]
test = [
    { name = "freezegun" },
    { name = "pytest" },
    { name = "pytest-asyncio" },
    { name = "pytest-cov" },
    { name = "pytest-error-for-skips" },
    { name = "pytest-timeout" },
    { name = "syrupy" },
]

[package.metadata]
requires-dist = [
    { name = "dacite", specifier = ">=1.7.0" },
    { name = "pysnmp", specifier = ">=7.1.22" },
]

[package.metadata.requires-dev]
dev = [
    { name = "prek", specifier = "==0.3.5" },
    { name = "ruff", specifier = "==0.15.6" },
    { name = "ty", specifier = "==0.0.23" },
]
test = [
    { name = "freezegun", specifier = "==1.5.5" },
    { name = "pytest", specifier = "==9.0.2" },
    { name = "pytest-asyncio", specifier = "==1.3.0" },
    { name = "pytest-cov", specifier = "==7.0.0" },
    { name = "pytest-error-for-skips", specifier = "==2.0.2" },
    { name = "pytest-timeout", specifier = "==2.4.0" },
    { name = "syrupy", specifier = "==5.1.0" },
]

[[package]]
name = "colorama"
version = "0.4.6"
source = { registry = "https://pypi.org/simple" }
sdist = { url = "https://files.pythonhosted.org/packages/d8/53/6f443c9a4a8358a93a6792e2acffb9d9d5cb0a5cfd8802644b7b1c9a02e4/colorama-0.4.6.tar.gz", hash = "sha256:08695f5cb7ed6e0531a20572697297273c47b8cae5a63ffc6d6ed5c201be6e44", size = 27697, upload-time = "2022-10-25T02:36:22.414Z" }
wheels = [
    { url = "https://files.pythonhosted.org/packages/d1/d6/3965ed04c63042e047cb6a3e6ed1a63a35087b6a609aa3a15ed8ac56c221/colorama-0.4.6-py2.py3-none-any.whl", hash = "sha256:4f1d9991f5acc0ca119f9d443620b77f9d6b33703e51011c16baf57afb285fc6", size = 25335, upload-time = "2022-10-25T02:36:20.889Z" },
]

[[package]]
name = "coverage"
version = "7.13.1"
source = { registry = "https://pypi.org/simple" }
sdist = { url = "https://files.pythonhosted.org/packages/23/f9/e92df5e07f3fc8d4c7f9a0f146ef75446bf870351cd37b788cf5897f8079/coverage-7.13.1.tar.gz", hash = "sha256:b7593fe7eb5feaa3fbb461ac79aac9f9fc0387a5ca8080b0c6fe2ca27b091afd", size = 825862, upload-time = "2025-12-28T15:42:56.969Z" }
wheels = [
    { url = "https://files.pythonhosted.org/packages/a3/a4/e98e689347a1ff1a7f67932ab535cef82eb5e78f32a9e4132e114bbb3a0a/coverage-7.13.1-cp313-cp313-macosx_10_13_x86_64.whl", hash = "sha256:cb237bfd0ef4d5eb6a19e29f9e528ac67ac3be932ea6b44fb6cc09b9f3ecff78", size = 218951, upload-time = "2025-12-28T15:41:16.653Z" },
    { url = "https://files.pythonhosted.org/packages/32/33/7cbfe2bdc6e2f03d6b240d23dc45fdaf3fd270aaf2d640be77b7f16989ab/coverage-7.13.1-cp313-cp313-macosx_11_0_arm64.whl", hash = "sha256:1dcb645d7e34dcbcc96cd7c132b1fc55c39263ca62eb961c064eb3928997363b", size = 219325, upload-time = "2025-12-28T15:41:18.609Z" },
    { url = "https://files.pythonhosted.org/packages/59/f6/efdabdb4929487baeb7cb2a9f7dac457d9356f6ad1b255be283d58b16316/coverage-7.13.1-cp313-cp313-manylinux1_i686.manylinux_2_28_i686.manylinux_2_5_i686.whl", hash = "sha256:3d42df8201e00384736f0df9be2ced39324c3907607d17d50d50116c989d84cd", size = 250309, upload-time = "2025-12-28T15:41:20.629Z" },
    { url = "https://files.pythonhosted.org/packages/12/da/91a52516e9d5aea87d32d1523f9cdcf7a35a3b298e6be05d6509ba3cfab2/coverage-7.13.1-cp313-cp313-manylinux1_x86_64.manylinux_2_28_x86_64.manylinux_2_5_x86_64.whl", hash = "sha256:fa3edde1aa8807de1d05934982416cb3ec46d1d4d91e280bcce7cca01c507992", size = 252907, upload-time = "2025-12-28T15:41:22.257Z" },
    { url = "https://files.pythonhosted.org/packages/75/38/f1ea837e3dc1231e086db1638947e00d264e7e8c41aa8ecacf6e1e0c05f4/coverage-7.13.1-cp313-cp313-manylinux2014_aarch64.manylinux_2_17_aarch64.manylinux_2_28_aarch64.whl", hash = "sha256:9edd0e01a343766add6817bc448408858ba6b489039eaaa2018474e4001651a4", size = 254148, upload-time = "2025-12-28T15:41:23.87Z" },
    { url = "https://files.pythonhosted.org/packages/7f/43/f4f16b881aaa34954ba446318dea6b9ed5405dd725dd8daac2358eda869a/coverage-7.13.1-cp313-cp313-manylinux_2_31_riscv64.manylinux_2_39_riscv64.whl", hash = "sha256:985b7836931d033570b94c94713c6dba5f9d3ff26045f72c3e5dbc5fe3361e5a", size = 250515, upload-time = "2025-12-28T15:41:25.437Z" },
    { url = "https://files.pythonhosted.org/packages/84/34/8cba7f00078bd468ea914134e0144263194ce849ec3baad187ffb6203d1c/coverage-7.13.1-cp313-cp313-musllinux_1_2_aarch64.whl", hash = "sha256:ffed1e4980889765c84a5d1a566159e363b71d6b6fbaf0bebc9d3c30bc016766", size = 252292, upload-time = "2025-12-28T15:41:28.459Z" },
    { url = "https://files.pythonhosted.org/packages/8c/a4/cffac66c7652d84ee4ac52d3ccb94c015687d3b513f9db04bfcac2ac800d/coverage-7.13.1-cp313-cp313-musllinux_1_2_i686.whl", hash = "sha256:8842af7f175078456b8b17f1b73a0d16a65dcbdc653ecefeb00a56b3c8c298c4", size = 250242, upload-time = "2025-12-28T15:41:30.02Z" },
    { url = "https://files.pythonhosted.org/packages/f4/78/9a64d462263dde416f3c0067efade7b52b52796f489b1037a95b0dc389c9/coverage-7.13.1-cp313-cp313-musllinux_1_2_riscv64.whl", hash = "sha256:ccd7a6fca48ca9c131d9b0a2972a581e28b13416fc313fb98b6d24a03ce9a398", size = 250068, upload-time = "2025-12-28T15:41:32.007Z" },
    { url = "https://files.pythonhosted.org/packages/69/c8/a8994f5fece06db7c4a97c8fc1973684e178599b42e66280dded0524ef00/coverage-7.13.1-cp313-cp313-musllinux_1_2_x86_64.whl", hash = "sha256:0403f647055de2609be776965108447deb8e384fe4a553c119e3ff6bfbab4784", size = 251846, upload-time = "2025-12-28T15:41:33.946Z" },
    { url = "https://files.pythonhosted.org/packages/cc/f7/91fa73c4b80305c86598a2d4e54ba22df6bf7d0d97500944af7ef155d9f7/coverage-7.13.1-cp313-cp313-win32.whl", hash = "sha256:549d195116a1ba1e1ae2f5ca143f9777800f6636eab917d4f02b5310d6d73461", size = 221512, upload-time = "2025-12-28T15:41:35.519Z" },
    { url = "https://files.pythonhosted.org/packages/45/0b/0768b4231d5a044da8f75e097a8714ae1041246bb765d6b5563bab456735/coverage-7.13.1-cp313-cp313-win_amd64.whl", hash = "sha256:5899d28b5276f536fcf840b18b61a9fce23cc3aec1d114c44c07fe94ebeaa500", size = 222321, upload-time = "2025-12-28T15:41:37.371Z" },
    { url = "https://files.pythonhosted.org/packages/9b/b8/bdcb7253b7e85157282450262008f1366aa04663f3e3e4c30436f596c3e2/coverage-7.13.1-cp313-cp313-win_arm64.whl", hash = "sha256:868a2fae76dfb06e87291bcbd4dcbcc778a8500510b618d50496e520bd94d9b9", size = 220949, upload-time = "2025-12-28T15:41:39.553Z" },
    { url = "https://files.pythonhosted.org/packages/70/52/f2be52cc445ff75ea8397948c96c1b4ee14f7f9086ea62fc929c5ae7b717/coverage-7.13.1-cp313-cp313t-macosx_10_13_x86_64.whl", hash = "sha256:67170979de0dacac3f3097d02b0ad188d8edcea44ccc44aaa0550af49150c7dc", size = 219643, upload-time = "2025-12-28T15:41:41.567Z" },
    { url = "https://files.pythonhosted.org/packages/47/79/c85e378eaa239e2edec0c5523f71542c7793fe3340954eafb0bc3904d32d/coverage-7.13.1-cp313-cp313t-macosx_11_0_arm64.whl", hash = "sha256:f80e2bb21bfab56ed7405c2d79d34b5dc0bc96c2c1d2a067b643a09fb756c43a", size = 219997, upload-time = "2025-12-28T15:41:43.418Z" },
    { url = "https://files.pythonhosted.org/packages/fe/9b/b1ade8bfb653c0bbce2d6d6e90cc6c254cbb99b7248531cc76253cb4da6d/coverage-7.13.1-cp313-cp313t-manylinux1_i686.manylinux_2_28_i686.manylinux_2_5_i686.whl", hash = "sha256:f83351e0f7dcdb14d7326c3d8d8c4e915fa685cbfdc6281f9470d97a04e9dfe4", size = 261296, upload-time = "2025-12-28T15:41:45.207Z" },
    { url = "https://files.pythonhosted.org/packages/1f/af/ebf91e3e1a2473d523e87e87fd8581e0aa08741b96265730e2d79ce78d8d/coverage-7.13.1-cp313-cp313t-manylinux1_x86_64.manylinux_2_28_x86_64.manylinux_2_5_x86_64.whl", hash = "sha256:bb3f6562e89bad0110afbe64e485aac2462efdce6232cdec7862a095dc3412f6", size = 263363, upload-time = "2025-12-28T15:41:47.163Z" },
    { url = "https://files.pythonhosted.org/packages/c4/8b/fb2423526d446596624ac7fde12ea4262e66f86f5120114c3cfd0bb2befa/coverage-7.13.1-cp313-cp313t-manylinux2014_aarch64.manylinux_2_17_aarch64.manylinux_2_28_aarch64.whl", hash = "sha256:77545b5dcda13b70f872c3b5974ac64c21d05e65b1590b441c8560115dc3a0d1", size = 265783, upload-time = "2025-12-28T15:41:49.03Z" },
    { url = "https://files.pythonhosted.org/packages/9b/26/ef2adb1e22674913b89f0fe7490ecadcef4a71fa96f5ced90c60ec358789/coverage-7.13.1-cp313-cp313t-manylinux_2_31_riscv64.manylinux_2_39_riscv64.whl", hash = "sha256:a4d240d260a1aed814790bbe1f10a5ff31ce6c21bc78f0da4a1e8268d6c80dbd", size = 260508, upload-time = "2025-12-28T15:41:51.035Z" },
    { url = "https://files.pythonhosted.org/packages/ce/7d/f0f59b3404caf662e7b5346247883887687c074ce67ba453ea08c612b1d5/coverage-7.13.1-cp313-cp313t-musllinux_1_2_aarch64.whl", hash = "sha256:d2287ac9360dec3837bfdad969963a5d073a09a85d898bd86bea82aa8876ef3c", size = 263357, upload-time = "2025-12-28T15:41:52.631Z" },
    { url = "https://files.pythonhosted.org/packages/1a/b1/29896492b0b1a047604d35d6fa804f12818fa30cdad660763a5f3159e158/coverage-7.13.1-cp313-cp313t-musllinux_1_2_i686.whl", hash = "sha256:0d2c11f3ea4db66b5cbded23b20185c35066892c67d80ec4be4bab257b9ad1e0", size = 260978, upload-time = "2025-12-28T15:41:54.589Z" },
    { url = "https://files.pythonhosted.org/packages/48/f2/971de1238a62e6f0a4128d37adadc8bb882ee96afbe03ff1570291754629/coverage-7.13.1-cp313-cp313t-musllinux_1_2_riscv64.whl", hash = "sha256:3fc6a169517ca0d7ca6846c3c5392ef2b9e38896f61d615cb75b9e7134d4ee1e", size = 259877, upload-time = "2025-12-28T15:41:56.263Z" },
    { url = "https://files.pythonhosted.org/packages/6a/fc/0474efcbb590ff8628830e9aaec5f1831594874360e3251f1fdec31d07a3/coverage-7.13.1-cp313-cp313t-musllinux_1_2_x86_64.whl", hash = "sha256:d10a2ed46386e850bb3de503a54f9fe8192e5917fcbb143bfef653a9355e9a53", size = 262069, upload-time = "2025-12-28T15:41:58.093Z" },
    { url = "https://files.pythonhosted.org/packages/88/4f/3c159b7953db37a7b44c0eab8a95c37d1aa4257c47b4602c04022d5cb975/coverage-7.13.1-cp313-cp313t-win32.whl", hash = "sha256:75a6f4aa904301dab8022397a22c0039edc1f51e90b83dbd4464b8a38dc87842", size = 222184, upload-time = "2025-12-28T15:41:59.763Z" },
    { url = "https://files.pythonhosted.org/packages/58/a5/6b57d28f81417f9335774f20679d9d13b9a8fb90cd6160957aa3b54a2379/coverage-7.13.1-cp313-cp313t-win_amd64.whl", hash = "sha256:309ef5706e95e62578cda256b97f5e097916a2c26247c287bbe74794e7150df2", size = 223250, upload-time = "2025-12-28T15:42:01.52Z" },
    { url = "https://files.pythonhosted.org/packages/81/7c/160796f3b035acfbb58be80e02e484548595aa67e16a6345e7910ace0a38/coverage-7.13.1-cp313-cp313t-win_arm64.whl", hash = "sha256:92f980729e79b5d16d221038dbf2e8f9a9136afa072f9d5d6ed4cb984b126a09", size = 221521, upload-time = "2025-12-28T15:42:03.275Z" },
    { url = "https://files.pythonhosted.org/packages/aa/8e/ba0e597560c6563fc0adb902fda6526df5d4aa73bb10adf0574d03bd2206/coverage-7.13.1-cp314-cp314-macosx_10_15_x86_64.whl", hash = "sha256:97ab3647280d458a1f9adb85244e81587505a43c0c7cff851f5116cd2814b894", size = 218996, upload-time = "2025-12-28T15:42:04.978Z" },
    { url = "https://files.pythonhosted.org/packages/6b/8e/764c6e116f4221dc7aa26c4061181ff92edb9c799adae6433d18eeba7a14/coverage-7.13.1-cp314-cp314-macosx_11_0_arm64.whl", hash = "sha256:8f572d989142e0908e6acf57ad1b9b86989ff057c006d13b76c146ec6a20216a", size = 219326, upload-time = "2025-12-28T15:42:06.691Z" },
    { url = "https://files.pythonhosted.org/packages/4f/a6/6130dc6d8da28cdcbb0f2bf8865aeca9b157622f7c0031e48c6cf9a0e591/coverage-7.13.1-cp314-cp314-manylinux1_i686.manylinux_2_28_i686.manylinux_2_5_i686.whl", hash = "sha256:d72140ccf8a147e94274024ff6fd8fb7811354cf7ef88b1f0a988ebaa5bc774f", size = 250374, upload-time = "2025-12-28T15:42:08.786Z" },
    { url = "https://files.pythonhosted.org/packages/82/2b/783ded568f7cd6b677762f780ad338bf4b4750205860c17c25f7c708995e/coverage-7.13.1-cp314-cp314-manylinux1_x86_64.manylinux_2_28_x86_64.manylinux_2_5_x86_64.whl", hash = "sha256:d3c9f051b028810f5a87c88e5d6e9af3c0ff32ef62763bf15d29f740453ca909", size = 252882, upload-time = "2025-12-28T15:42:10.515Z" },
    { url = "https://files.pythonhosted.org/packages/cd/b2/9808766d082e6a4d59eb0cc881a57fc1600eb2c5882813eefff8254f71b5/coverage-7.13.1-cp314-cp314-manylinux2014_aarch64.manylinux_2_17_aarch64.manylinux_2_28_aarch64.whl", hash = "sha256:f398ba4df52d30b1763f62eed9de5620dcde96e6f491f4c62686736b155aa6e4", size = 254218, upload-time = "2025-12-28T15:42:12.208Z" },
    { url = "https://files.pythonhosted.org/packages/44/ea/52a985bb447c871cb4d2e376e401116520991b597c85afdde1ea9ef54f2c/coverage-7.13.1-cp314-cp314-manylinux_2_31_riscv64.manylinux_2_39_riscv64.whl", hash = "sha256:132718176cc723026d201e347f800cd1a9e4b62ccd3f82476950834dad501c75", size = 250391, upload-time = "2025-12-28T15:42:14.21Z" },
    { url = "https://files.pythonhosted.org/packages/7f/1d/125b36cc12310718873cfc8209ecfbc1008f14f4f5fa0662aa608e579353/coverage-7.13.1-cp314-cp314-musllinux_1_2_aarch64.whl", hash = "sha256:9e549d642426e3579b3f4b92d0431543b012dcb6e825c91619d4e93b7363c3f9", size = 252239, upload-time = "2025-12-28T15:42:16.292Z" },
    { url = "https://files.pythonhosted.org/packages/6a/16/10c1c164950cade470107f9f14bbac8485f8fb8515f515fca53d337e4a7f/coverage-7.13.1-cp314-cp314-musllinux_1_2_i686.whl", hash = "sha256:90480b2134999301eea795b3a9dbf606c6fbab1b489150c501da84a959442465", size = 250196, upload-time = "2025-12-28T15:42:18.54Z" },
    { url = "https://files.pythonhosted.org/packages/2a/c6/cd860fac08780c6fd659732f6ced1b40b79c35977c1356344e44d72ba6c4/coverage-7.13.1-cp314-cp314-musllinux_1_2_riscv64.whl", hash = "sha256:e825dbb7f84dfa24663dd75835e7257f8882629fc11f03ecf77d84a75134b864", size = 250008, upload-time = "2025-12-28T15:42:20.365Z" },
    { url = "https://files.pythonhosted.org/packages/f0/3a/a8c58d3d38f82a5711e1e0a67268362af48e1a03df27c03072ac30feefcf/coverage-7.13.1-cp314-cp314-musllinux_1_2_x86_64.whl", hash = "sha256:623dcc6d7a7ba450bbdbeedbaa0c42b329bdae16491af2282f12a7e809be7eb9", size = 251671, upload-time = "2025-12-28T15:42:22.114Z" },
    { url = "https://files.pythonhosted.org/packages/f0/bc/fd4c1da651d037a1e3d53e8cb3f8182f4b53271ffa9a95a2e211bacc0349/coverage-7.13.1-cp314-cp314-win32.whl", hash = "sha256:6e73ebb44dca5f708dc871fe0b90cf4cff1a13f9956f747cc87b535a840386f5", size = 221777, upload-time = "2025-12-28T15:42:23.919Z" },
    { url = "https://files.pythonhosted.org/packages/4b/50/71acabdc8948464c17e90b5ffd92358579bd0910732c2a1c9537d7536aa6/coverage-7.13.1-cp314-cp314-win_amd64.whl", hash = "sha256:be753b225d159feb397bd0bf91ae86f689bad0da09d3b301478cd39b878ab31a", size = 222592, upload-time = "2025-12-28T15:42:25.619Z" },
    { url = "https://files.pythonhosted.org/packages/f7/c8/a6fb943081bb0cc926499c7907731a6dc9efc2cbdc76d738c0ab752f1a32/coverage-7.13.1-cp314-cp314-win_arm64.whl", hash = "sha256:228b90f613b25ba0019361e4ab81520b343b622fc657daf7e501c4ed6a2366c0", size = 221169, upload-time = "2025-12-28T15:42:27.629Z" },
    { url = "https://files.pythonhosted.org/packages/16/61/d5b7a0a0e0e40d62e59bc8c7aa1afbd86280d82728ba97f0673b746b78e2/coverage-7.13.1-cp314-cp314t-macosx_10_15_x86_64.whl", hash = "sha256:60cfb538fe9ef86e5b2ab0ca8fc8d62524777f6c611dcaf76dc16fbe9b8e698a", size = 219730, upload-time = "2025-12-28T15:42:29.306Z" },
    { url = "https://files.pythonhosted.org/packages/a3/2c/8881326445fd071bb49514d1ce97d18a46a980712b51fee84f9ab42845b4/coverage-7.13.1-cp314-cp314t-macosx_11_0_arm64.whl", hash = "sha256:57dfc8048c72ba48a8c45e188d811e5efd7e49b387effc8fb17e97936dde5bf6", size = 220001, upload-time = "2025-12-28T15:42:31.319Z" },
    { url = "https://files.pythonhosted.org/packages/b5/d7/50de63af51dfa3a7f91cc37ad8fcc1e244b734232fbc8b9ab0f3c834a5cd/coverage-7.13.1-cp314-cp314t-manylinux1_i686.manylinux_2_28_i686.manylinux_2_5_i686.whl", hash = "sha256:3f2f725aa3e909b3c5fdb8192490bdd8e1495e85906af74fe6e34a2a77ba0673", size = 261370, upload-time = "2025-12-28T15:42:32.992Z" },
    { url = "https://files.pythonhosted.org/packages/e1/2c/d31722f0ec918fd7453b2758312729f645978d212b410cd0f7c2aed88a94/coverage-7.13.1-cp314-cp314t-manylinux1_x86_64.manylinux_2_28_x86_64.manylinux_2_5_x86_64.whl", hash = "sha256:9ee68b21909686eeb21dfcba2c3b81fee70dcf38b140dcd5aa70680995fa3aa5", size = 263485, upload-time = "2025-12-28T15:42:34.759Z" },
    { url = "https://files.pythonhosted.org/packages/fa/7a/2c114fa5c5fc08ba0777e4aec4c97e0b4a1afcb69c75f1f54cff78b073ab/coverage-7.13.1-cp314-cp314t-manylinux2014_aarch64.manylinux_2_17_aarch64.manylinux_2_28_aarch64.whl", hash = "sha256:724b1b270cb13ea2e6503476e34541a0b1f62280bc997eab443f87790202033d", size = 265890, upload-time = "2025-12-28T15:42:36.517Z" },
    { url = "https://files.pythonhosted.org/packages/65/d9/f0794aa1c74ceabc780fe17f6c338456bbc4e96bd950f2e969f48ac6fb20/coverage-7.13.1-cp314-cp314t-manylinux_2_31_riscv64.manylinux_2_39_riscv64.whl", hash = "sha256:916abf1ac5cf7eb16bc540a5bf75c71c43a676f5c52fcb9fe75a2bd75fb944e8", size = 260445, upload-time = "2025-12-28T15:42:38.646Z" },
    { url = "https://files.pythonhosted.org/packages/49/23/184b22a00d9bb97488863ced9454068c79e413cb23f472da6cbddc6cfc52/coverage-7.13.1-cp314-cp314t-musllinux_1_2_aarch64.whl", hash = "sha256:776483fd35b58d8afe3acbd9988d5de592ab6da2d2a865edfdbc9fdb43e7c486", size = 263357, upload-time = "2025-12-28T15:42:40.788Z" },
    { url = "https://files.pythonhosted.org/packages/7d/bd/58af54c0c9199ea4190284f389005779d7daf7bf3ce40dcd2d2b2f96da69/coverage-7.13.1-cp314-cp314t-musllinux_1_2_i686.whl", hash = "sha256:b6f3b96617e9852703f5b633ea01315ca45c77e879584f283c44127f0f1ec564", size = 260959, upload-time = "2025-12-28T15:42:42.808Z" },
    { url = "https://files.pythonhosted.org/packages/4b/2a/6839294e8f78a4891bf1df79d69c536880ba2f970d0ff09e7513d6e352e9/coverage-7.13.1-cp314-cp314t-musllinux_1_2_riscv64.whl", hash = "sha256:bd63e7b74661fed317212fab774e2a648bc4bb09b35f25474f8e3325d2945cd7", size = 259792, upload-time = "2025-12-28T15:42:44.818Z" },
    { url = "https://files.pythonhosted.org/packages/ba/c3/528674d4623283310ad676c5af7414b9850ab6d55c2300e8aa4b945ec554/coverage-7.13.1-cp314-cp314t-musllinux_1_2_x86_64.whl", hash = "sha256:933082f161bbb3e9f90d00990dc956120f608cdbcaeea15c4d897f56ef4fe416", size = 262123, upload-time = "2025-12-28T15:42:47.108Z" },
    { url = "https://files.pythonhosted.org/packages/06/c5/8c0515692fb4c73ac379d8dc09b18eaf0214ecb76ea6e62467ba7a1556ff/coverage-7.13.1-cp314-cp314t-win32.whl", hash = "sha256:18be793c4c87de2965e1c0f060f03d9e5aff66cfeae8e1dbe6e5b88056ec153f", size = 222562, upload-time = "2025-12-28T15:42:49.144Z" },
    { url = "https://files.pythonhosted.org/packages/05/0e/c0a0c4678cb30dac735811db529b321d7e1c9120b79bd728d4f4d6b010e9/coverage-7.13.1-cp314-cp314t-win_amd64.whl", hash = "sha256:0e42e0ec0cd3e0d851cb3c91f770c9301f48647cb2877cb78f74bdaa07639a79", size = 223670, upload-time = "2025-12-28T15:42:51.218Z" },
    { url = "https://files.pythonhosted.org/packages/f5/5f/b177aa0011f354abf03a8f30a85032686d290fdeed4222b27d36b4372a50/coverage-7.13.1-cp314-cp314t-win_arm64.whl", hash = "sha256:eaecf47ef10c72ece9a2a92118257da87e460e113b83cc0d2905cbbe931792b4", size = 221707, upload-time = "2025-12-28T15:42:53.034Z" },
    { url = "https://files.pythonhosted.org/packages/cc/48/d9f421cb8da5afaa1a64570d9989e00fb7955e6acddc5a12979f7666ef60/coverage-7.13.1-py3-none-any.whl", hash = "sha256:2016745cb3ba554469d02819d78958b571792bb68e31302610e898f80dd3a573", size = 210722, upload-time = "2025-12-28T15:42:54.901Z" },
]

[[package]]
name = "dacite"
version = "1.9.2"
source = { registry = "https://pypi.org/simple" }
sdist = { url = "https://files.pythonhosted.org/packages/55/a0/7ca79796e799a3e782045d29bf052b5cde7439a2bbb17f15ff44f7aacc63/dacite-1.9.2.tar.gz", hash = "sha256:6ccc3b299727c7aa17582f0021f6ae14d5de47c7227932c47fec4cdfefd26f09", size = 22420, upload-time = "2025-02-05T09:27:29.757Z" }
wheels = [
    { url = "https://files.pythonhosted.org/packages/94/35/386550fd60316d1e37eccdda609b074113298f23cef5bddb2049823fe666/dacite-1.9.2-py3-none-any.whl", hash = "sha256:053f7c3f5128ca2e9aceb66892b1a3c8936d02c686e707bee96e19deef4bc4a0", size = 16600, upload-time = "2025-02-05T09:27:24.345Z" },
]

[[package]]
name = "freezegun"
version = "1.5.5"
source = { registry = "https://pypi.org/simple" }
dependencies = [
    { name = "python-dateutil" },
]
sdist = { url = "https://files.pythonhosted.org/packages/95/dd/23e2f4e357f8fd3bdff613c1fe4466d21bfb00a6177f238079b17f7b1c84/freezegun-1.5.5.tar.gz", hash = "sha256:ac7742a6cc6c25a2c35e9292dfd554b897b517d2dec26891a2e8debf205cb94a", size = 35914, upload-time = "2025-08-09T10:39:08.338Z" }
wheels = [
    { url = "https://files.pythonhosted.org/packages/5e/2e/b41d8a1a917d6581fc27a35d05561037b048e47df50f27f8ac9c7e27a710/freezegun-1.5.5-py3-none-any.whl", hash = "sha256:cd557f4a75cf074e84bc374249b9dd491eaeacd61376b9eb3c423282211619d2", size = 19266, upload-time = "2025-08-09T10:39:06.636Z" },
]

[[package]]
name = "iniconfig"
version = "2.3.0"
source = { registry = "https://pypi.org/simple" }
sdist = { url = "https://files.pythonhosted.org/packages/72/34/14ca021ce8e5dfedc35312d08ba8bf51fdd999c576889fc2c24cb97f4f10/iniconfig-2.3.0.tar.gz", hash = "sha256:c76315c77db068650d49c5b56314774a7804df16fee4402c1f19d6d15d8c4730", size = 20503, upload-time = "2025-10-18T21:55:43.219Z" }
wheels = [
    { url = "https://files.pythonhosted.org/packages/cb/b1/3846dd7f199d53cb17f49cba7e651e9ce294d8497c8c150530ed11865bb8/iniconfig-2.3.0-py3-none-any.whl", hash = "sha256:f631c04d2c48c52b84d0d0549c99ff3859c98df65b3101406327ecc7d53fbf12", size = 7484, upload-time = "2025-10-18T21:55:41.639Z" },
]

[[package]]
name = "packaging"
version = "25.0"
source = { registry = "https://pypi.org/simple" }
sdist = { url = "https://files.pythonhosted.org/packages/a1/d4/1fc4078c65507b51b96ca8f8c3ba19e6a61c8253c72794544580a7b6c24d/packaging-25.0.tar.gz", hash = "sha256:d443872c98d677bf60f6a1f2f8c1cb748e8fe762d2bf9d3148b5599295b0fc4f", size = 165727, upload-time = "2025-04-19T11:48:59.673Z" }
wheels = [
    { url = "https://files.pythonhosted.org/packages/20/12/38679034af332785aac8774540895e234f4d07f7545804097de4b666afd8/packaging-25.0-py3-none-any.whl", hash = "sha256:29572ef2b1f17581046b3a2227d5c611fb25ec70ca1ba8554b24b0e69331a484", size = 66469, upload-time = "2025-04-19T11:48:57.875Z" },
]

[[package]]
name = "pluggy"
version = "1.6.0"
source = { registry = "https://pypi.org/simple" }
sdist = { url = "https://files.pythonhosted.org/packages/f9/e2/3e91f31a7d2b083fe6ef3fa267035b518369d9511ffab804f839851d2779/pluggy-1.6.0.tar.gz", hash = "sha256:7dcc130b76258d33b90f61b658791dede3486c3e6bfb003ee5c9bfb396dd22f3", size = 69412, upload-time = "2025-05-15T12:30:07.975Z" }
wheels = [
    { url = "https://files.pythonhosted.org/packages/54/20/4d324d65cc6d9205fabedc306948156824eb9f0ee1633355a8f7ec5c66bf/pluggy-1.6.0-py3-none-any.whl", hash = "sha256:e920276dd6813095e9377c0bc5566d94c932c33b27a3e3945d8389c374dd4746", size = 20538, upload-time = "2025-05-15T12:30:06.134Z" },
]

[[package]]
name = "prek"
version = "0.3.5"
source = { registry = "https://pypi.org/simple" }
sdist = { url = "https://files.pythonhosted.org/packages/46/d6/277e002e56eeab3a9d48f1ca4cc067d249d6326fc1783b770d70ad5ae2be/prek-0.3.5.tar.gz", hash = "sha256:ca40b6685a4192256bc807f32237af94bf9b8799c0d708b98735738250685642", size = 374806, upload-time = "2026-03-09T10:35:18.842Z" }
wheels = [
    { url = "https://files.pythonhosted.org/packages/8f/a9/16dd8d3a50362ebccffe58518af1f1f571c96f0695d7fcd8bbd386585f58/prek-0.3.5-py3-none-linux_armv6l.whl", hash = "sha256:44b3e12791805804f286d103682b42a84e0f98a2687faa37045e9d3375d3d73d", size = 5105604, upload-time = "2026-03-09T10:35:00.332Z" },
    { url = "https://files.pythonhosted.org/packages/e4/74/bc6036f5bf03860cda66ab040b32737e54802b71a81ec381839deb25df9e/prek-0.3.5-py3-none-macosx_10_12_x86_64.whl", hash = "sha256:e3cb451cc51ac068974557491beb4c7d2d41dfde29ed559c1694c8ce23bf53e8", size = 5506155, upload-time = "2026-03-09T10:35:17.64Z" },
    { url = "https://files.pythonhosted.org/packages/02/d9/a3745c2a10509c63b6a118ada766614dd705efefd08f275804d5c807aa4a/prek-0.3.5-py3-none-macosx_11_0_arm64.whl", hash = "sha256:ad8f5f0d8da53dc94d00b76979af312b3dacccc9dcbc6417756c5dca3633c052", size = 5100383, upload-time = "2026-03-09T10:35:13.302Z" },
    { url = "https://files.pythonhosted.org/packages/43/8e/de965fc515d39309a332789cd3778161f7bc80cde15070bedf17f9f8cb93/prek-0.3.5-py3-none-manylinux_2_17_aarch64.manylinux2014_aarch64.musllinux_1_1_aarch64.whl", hash = "sha256:4511e15d34072851ac88e4b2006868fbe13655059ad941d7a0ff9ee17138fd9f", size = 5334913, upload-time = "2026-03-09T10:35:14.813Z" },
    { url = "https://files.pythonhosted.org/packages/3f/8c/44f07e8940256059cfd82520e3cbe0764ab06ddb4aa43148465db00b39ad/prek-0.3.5-py3-none-manylinux_2_17_armv7l.manylinux2014_armv7l.whl", hash = "sha256:fcc0b63b8337e2046f51267facaac63ba755bc14aad53991840a5eccba3e5c28", size = 5033825, upload-time = "2026-03-09T10:35:06.976Z" },
    { url = "https://files.pythonhosted.org/packages/94/85/3ff0f96881ff2360c212d310ff23c3cf5a15b223d34fcfa8cdcef203be69/prek-0.3.5-py3-none-manylinux_2_17_i686.manylinux2014_i686.whl", hash = "sha256:f5fc0d78c3896a674aeb8247a83bbda7efec85274dbdfbc978ceff8d37e4ed20", size = 5438586, upload-time = "2026-03-09T10:34:58.779Z" },
    { url = "https://files.pythonhosted.org/packages/79/a5/c6d08d31293400fcb5d427f8e7e6bacfc959988e868ad3a9d97b4d87c4b7/prek-0.3.5-py3-none-manylinux_2_17_s390x.manylinux2014_s390x.whl", hash = "sha256:64cad21cb9072d985179495b77b312f6b81e7b45357d0c68dc1de66e0408eabc", size = 6359714, upload-time = "2026-03-09T10:34:57.454Z" },
    { url = "https://files.pythonhosted.org/packages/ba/18/321dcff9ece8065d42c8c1c7a53a23b45d2b4330aa70993be75dc5f2822f/prek-0.3.5-py3-none-manylinux_2_17_x86_64.manylinux2014_x86_64.whl", hash = "sha256:45ee84199bb48e013bdfde0c84352c17a44cc42d5792681b86d94e9474aab6f8", size = 5717632, upload-time = "2026-03-09T10:35:08.634Z" },
    { url = "https://files.pythonhosted.org/packages/a3/7f/1288226aa381d0cea403157f4e6b64b356e1a745f2441c31dd9d8a1d63da/prek-0.3.5-py3-none-manylinux_2_28_aarch64.whl", hash = "sha256:f43275e5d564e18e52133129ebeb5cb071af7ce4a547766c7f025aa0955dfbb6", size = 5339040, upload-time = "2026-03-09T10:35:03.665Z" },
    { url = "https://files.pythonhosted.org/packages/22/94/cfec83df9c2b8e7ed1608087bcf9538a6a77b4c2e7365123e9e0a3162cd1/prek-0.3.5-py3-none-manylinux_2_31_riscv64.whl", hash = "sha256:abcee520d31522bcbad9311f21326b447694cd5edba33618c25fd023fc9865ec", size = 5162586, upload-time = "2026-03-09T10:35:11.564Z" },
    { url = "https://files.pythonhosted.org/packages/13/b7/741d62132f37a5f7cc0fad1168bd31f20dea9628f482f077f569547e0436/prek-0.3.5-py3-none-musllinux_1_1_armv7l.whl", hash = "sha256:499c56a94a155790c75a973d351a33f8065579d9094c93f6d451ada5d1e469be", size = 5002933, upload-time = "2026-03-09T10:35:16.347Z" },
    { url = "https://files.pythonhosted.org/packages/6f/83/630a5671df6550fcfa67c54955e8a8174eb9b4d97ac38fb05a362029245b/prek-0.3.5-py3-none-musllinux_1_1_i686.whl", hash = "sha256:de1065b59f194624adc9dea269d4ff6b50e98a1b5bb662374a9adaa496b3c1eb", size = 5304934, upload-time = "2026-03-09T10:35:09.975Z" },
    { url = "https://files.pythonhosted.org/packages/de/79/67a7afd0c0b6c436630b7dba6e586a42d21d5d6e5778fbd9eba7bbd3dd26/prek-0.3.5-py3-none-musllinux_1_1_x86_64.whl", hash = "sha256:a1c4869e45ee341735d07179da3a79fa2afb5959cef8b3c8a71906eb52dc6933", size = 5829914, upload-time = "2026-03-09T10:35:05.39Z" },
    { url = "https://files.pythonhosted.org/packages/37/47/e2fe13b33e7b5fdd9dd1a312f5440208bfe1be6183e54c5c99c10f27d848/prek-0.3.5-py3-none-win32.whl", hash = "sha256:70b2152ecedc58f3f4f69adc884617b0cf44259f7414c44d6268ea6f107672eb", size = 4836910, upload-time = "2026-03-09T10:35:01.884Z" },
    { url = "https://files.pythonhosted.org/packages/6b/ab/dc2a139fd4896d11f39631479ed385e86307af7f54059ebe9414bb0d00c6/prek-0.3.5-py3-none-win_amd64.whl", hash = "sha256:01d031b684f7e1546225393af1268d9b4451a44ef6cb9be4101c85c7862e08db", size = 5234234, upload-time = "2026-03-09T10:35:20.193Z" },
    { url = "https://files.pythonhosted.org/packages/ed/38/f7256b4b7581444f658e909c3b566f51bfabe56c03e80d107a6932d62040/prek-0.3.5-py3-none-win_arm64.whl", hash = "sha256:aa774168e3d868039ff79422bdef2df8d5a016ed804a9914607dcdd3d41da053", size = 5083330, upload-time = "2026-03-09T10:34:55.469Z" },
]

[[package]]
name = "pyasn1"
version = "0.6.2"
source = { registry = "https://pypi.org/simple" }
sdist = { url = "https://files.pythonhosted.org/packages/fe/b6/6e630dff89739fcd427e3f72b3d905ce0acb85a45d4ec3e2678718a3487f/pyasn1-0.6.2.tar.gz", hash = "sha256:9b59a2b25ba7e4f8197db7686c09fb33e658b98339fadb826e9512629017833b", size = 146586, upload-time = "2026-01-16T18:04:18.534Z" }
wheels = [
    { url = "https://files.pythonhosted.org/packages/44/b5/a96872e5184f354da9c84ae119971a0a4c221fe9b27a4d94bd43f2596727/pyasn1-0.6.2-py3-none-any.whl", hash = "sha256:1eb26d860996a18e9b6ed05e7aae0e9fc21619fcee6af91cca9bad4fbea224bf", size = 83371, upload-time = "2026-01-16T18:04:17.174Z" },
]

[[package]]
name = "pygments"
version = "2.19.2"
source = { registry = "https://pypi.org/simple" }
sdist = { url = "https://files.pythonhosted.org/packages/b0/77/a5b8c569bf593b0140bde72ea885a803b82086995367bf2037de0159d924/pygments-2.19.2.tar.gz", hash = "sha256:636cb2477cec7f8952536970bc533bc43743542f70392ae026374600add5b887", size = 4968631, upload-time = "2025-06-21T13:39:12.283Z" }
wheels = [
    { url = "https://files.pythonhosted.org/packages/c7/21/705964c7812476f378728bdf590ca4b771ec72385c533964653c68e86bdc/pygments-2.19.2-py3-none-any.whl", hash = "sha256:86540386c03d588bb81d44bc3928634ff26449851e99741617ecb9037ee5ec0b", size = 1225217, upload-time = "2025-06-21T13:39:07.939Z" },
]

[[package]]
name = "pysnmp"
version = "7.1.22"
source = { registry = "https://pypi.org/simple" }
dependencies = [
    { name = "pyasn1" },
]
sdist = { url = "https://files.pythonhosted.org/packages/c5/f7/63a4833b675f3f85296d85f2fddaed93d76799f29a813a2d5ca2bbe7fc50/pysnmp-7.1.22.tar.gz", hash = "sha256:37ac595c7f0c1c00514505939b4dcf5b4fd5a9ffe51b0349f60bb640c11b0f77", size = 259230, upload-time = "2025-10-26T22:09:56.413Z" }
wheels = [
    { url = "https://files.pythonhosted.org/packages/25/da/9b6bc9517f6a69d03b70f43c4cfd1cca6289fdccabcf648204f2b0c6bc9b/pysnmp-7.1.22-py3-none-any.whl", hash = "sha256:57e704a6ba2bbf571d16cd5dc08b89bb3fa0ebeb5f4f26b87fececad3b3de7a6", size = 343380, upload-time = "2025-10-26T22:09:54.816Z" },
]

[[package]]
name = "pytest"
version = "9.0.2"
source = { registry = "https://pypi.org/simple" }
dependencies = [
    { name = "colorama", marker = "sys_platform == 'win32'" },
    { name = "iniconfig" },
    { name = "packaging" },
    { name = "pluggy" },
    { name = "pygments" },
]
sdist = { url = "https://files.pythonhosted.org/packages/d1/db/7ef3487e0fb0049ddb5ce41d3a49c235bf9ad299b6a25d5780a89f19230f/pytest-9.0.2.tar.gz", hash = "sha256:75186651a92bd89611d1d9fc20f0b4345fd827c41ccd5c299a868a05d70edf11", size = 1568901, upload-time = "2025-12-06T21:30:51.014Z" }
wheels = [
    { url = "https://files.pythonhosted.org/packages/3b/ab/b3226f0bd7cdcf710fbede2b3548584366da3b19b5021e74f5bde2a8fa3f/pytest-9.0.2-py3-none-any.whl", hash = "sha256:711ffd45bf766d5264d487b917733b453d917afd2b0ad65223959f59089f875b", size = 374801, upload-time = "2025-12-06T21:30:49.154Z" },
]

[[package]]
name = "pytest-asyncio"
version = "1.3.0"
source = { registry = "https://pypi.org/simple" }
dependencies = [
    { name = "pytest" },
]
sdist = { url = "https://files.pythonhosted.org/packages/90/2c/8af215c0f776415f3590cac4f9086ccefd6fd463befeae41cd4d3f193e5a/pytest_asyncio-1.3.0.tar.gz", hash = "sha256:d7f52f36d231b80ee124cd216ffb19369aa168fc10095013c6b014a34d3ee9e5", size = 50087, upload-time = "2025-11-10T16:07:47.256Z" }
wheels = [
    { url = "https://files.pythonhosted.org/packages/e5/35/f8b19922b6a25bc0880171a2f1a003eaeb93657475193ab516fd87cac9da/pytest_asyncio-1.3.0-py3-none-any.whl", hash = "sha256:611e26147c7f77640e6d0a92a38ed17c3e9848063698d5c93d5aa7aa11cebff5", size = 15075, upload-time = "2025-11-10T16:07:45.537Z" },
]

[[package]]
name = "pytest-cov"
version = "7.0.0"
source = { registry = "https://pypi.org/simple" }
dependencies = [
    { name = "coverage" },
    { name = "pluggy" },
    { name = "pytest" },
]
sdist = { url = "https://files.pythonhosted.org/packages/5e/f7/c933acc76f5208b3b00089573cf6a2bc26dc80a8aece8f52bb7d6b1855ca/pytest_cov-7.0.0.tar.gz", hash = "sha256:33c97eda2e049a0c5298e91f519302a1334c26ac65c1a483d6206fd458361af1", size = 54328, upload-time = "2025-09-09T10:57:02.113Z" }
wheels = [
    { url = "https://files.pythonhosted.org/packages/ee/49/1377b49de7d0c1ce41292161ea0f721913fa8722c19fb9c1e3aa0367eecb/pytest_cov-7.0.0-py3-none-any.whl", hash = "sha256:3b8e9558b16cc1479da72058bdecf8073661c7f57f7d3c5f22a1c23507f2d861", size = 22424, upload-time = "2025-09-09T10:57:00.695Z" },
]

[[package]]
name = "pytest-error-for-skips"
version = "2.0.2"
source = { registry = "https://pypi.org/simple" }
dependencies = [
    { name = "pytest" },
]
sdist = { url = "https://files.pythonhosted.org/packages/5a/96/3d77e3446430168df51af2033cb24675301b29c474b64a10c1abc5f2577a/pytest-error-for-skips-2.0.2.tar.gz", hash = "sha256:d4d0c89036a4105cabbc5e488c4078756c29cc2e5805b0694c3d9e49e52c0d11", size = 3612, upload-time = "2019-12-19T20:31:17.401Z" }
wheels = [
    { url = "https://files.pythonhosted.org/packages/8f/0b/1408ee0604b2cdb7f095149751809403622abd6ebec2566db88ad8314de1/pytest_error_for_skips-2.0.2-py3-none-any.whl", hash = "sha256:ccc4029c04f1737aa81445c5f3599247f8a64d279741b4a66bf003782fa00492", size = 3965, upload-time = "2019-12-19T20:31:15.715Z" },
]

[[package]]
name = "pytest-timeout"
version = "2.4.0"
source = { registry = "https://pypi.org/simple" }
dependencies = [
    { name = "pytest" },
]
sdist = { url = "https://files.pythonhosted.org/packages/ac/82/4c9ecabab13363e72d880f2fb504c5f750433b2b6f16e99f4ec21ada284c/pytest_timeout-2.4.0.tar.gz", hash = "sha256:7e68e90b01f9eff71332b25001f85c75495fc4e3a836701876183c4bcfd0540a", size = 17973, upload-time = "2025-05-05T19:44:34.99Z" }
wheels = [
    { url = "https://files.pythonhosted.org/packages/fa/b6/3127540ecdf1464a00e5a01ee60a1b09175f6913f0644ac748494d9c4b21/pytest_timeout-2.4.0-py3-none-any.whl", hash = "sha256:c42667e5cdadb151aeb5b26d114aff6bdf5a907f176a007a30b940d3d865b5c2", size = 14382, upload-time = "2025-05-05T19:44:33.502Z" },
]

[[package]]
name = "python-dateutil"
version = "2.9.0.post0"
source = { registry = "https://pypi.org/simple" }
dependencies = [
    { name = "six" },
]
sdist = { url = "https://files.pythonhosted.org/packages/66/c0/0c8b6ad9f17a802ee498c46e004a0eb49bc148f2fd230864601a86dcf6db/python-dateutil-2.9.0.post0.tar.gz", hash = "sha256:37dd54208da7e1cd875388217d5e00ebd4179249f90fb72437e91a35459a0ad3", size = 342432, upload-time = "2024-03-01T18:36:20.211Z" }
wheels = [
    { url = "https://files.pythonhosted.org/packages/ec/57/56b9bcc3c9c6a792fcbaf139543cee77261f3651ca9da0c93f5c1221264b/python_dateutil-2.9.0.post0-py2.py3-none-any.whl", hash = "sha256:a8b2bc7bffae282281c8140a97d3aa9c14da0b136dfe83f850eea9a5f7470427", size = 229892, upload-time = "2024-03-01T18:36:18.57Z" },
]

[[package]]
name = "ruff"
version = "0.15.6"
source = { registry = "https://pypi.org/simple" }
sdist = { url = "https://files.pythonhosted.org/packages/51/df/f8629c19c5318601d3121e230f74cbee7a3732339c52b21daa2b82ef9c7d/ruff-0.15.6.tar.gz", hash = "sha256:8394c7bb153a4e3811a4ecdacd4a8e6a4fa8097028119160dffecdcdf9b56ae4", size = 4597916, upload-time = "2026-03-12T23:05:47.51Z" }
wheels = [
    { url = "https://files.pythonhosted.org/packages/9e/2f/4e03a7e5ce99b517e98d3b4951f411de2b0fa8348d39cf446671adcce9a2/ruff-0.15.6-py3-none-linux_armv6l.whl", hash = "sha256:7c98c3b16407b2cf3d0f2b80c80187384bc92c6774d85fefa913ecd941256fff", size = 10508953, upload-time = "2026-03-12T23:05:17.246Z" },
    { url = "https://files.pythonhosted.org/packages/70/60/55bcdc3e9f80bcf39edf0cd272da6fa511a3d94d5a0dd9e0adf76ceebdb4/ruff-0.15.6-py3-none-macosx_10_12_x86_64.whl", hash = "sha256:ee7dcfaad8b282a284df4aa6ddc2741b3f4a18b0555d626805555a820ea181c3", size = 10942257, upload-time = "2026-03-12T23:05:23.076Z" },
    { url = "https://files.pythonhosted.org/packages/e7/f9/005c29bd1726c0f492bfa215e95154cf480574140cb5f867c797c18c790b/ruff-0.15.6-py3-none-macosx_11_0_arm64.whl", hash = "sha256:3bd9967851a25f038fc8b9ae88a7fbd1b609f30349231dffaa37b6804923c4bb", size = 10322683, upload-time = "2026-03-12T23:05:33.738Z" },
    { url = "https://files.pythonhosted.org/packages/5f/74/2f861f5fd7cbb2146bddb5501450300ce41562da36d21868c69b7a828169/ruff-0.15.6-py3-none-manylinux_2_17_aarch64.manylinux2014_aarch64.whl", hash = "sha256:13f4594b04e42cd24a41da653886b04d2ff87adbf57497ed4f728b0e8a4866f8", size = 10660986, upload-time = "2026-03-12T23:05:53.245Z" },
    { url = "https://files.pythonhosted.org/packages/c1/a1/309f2364a424eccb763cdafc49df843c282609f47fe53aa83f38272389e0/ruff-0.15.6-py3-none-manylinux_2_17_armv7l.manylinux2014_armv7l.whl", hash = "sha256:e2ed8aea2f3fe57886d3f00ea5b8aae5bf68d5e195f487f037a955ff9fbaac9e", size = 10332177, upload-time = "2026-03-12T23:05:56.145Z" },
    { url = "https://files.pythonhosted.org/packages/30/41/7ebf1d32658b4bab20f8ac80972fb19cd4e2c6b78552be263a680edc55ac/ruff-0.15.6-py3-none-manylinux_2_17_i686.manylinux2014_i686.whl", hash = "sha256:70789d3e7830b848b548aae96766431c0dc01a6c78c13381f423bf7076c66d15", size = 11170783, upload-time = "2026-03-12T23:06:01.742Z" },
    { url = "https://files.pythonhosted.org/packages/76/be/6d488f6adca047df82cd62c304638bcb00821c36bd4881cfca221561fdfc/ruff-0.15.6-py3-none-manylinux_2_17_ppc64le.manylinux2014_ppc64le.whl", hash = "sha256:542aaf1de3154cea088ced5a819ce872611256ffe2498e750bbae5247a8114e9", size = 12044201, upload-time = "2026-03-12T23:05:28.697Z" },
    { url = "https://files.pythonhosted.org/packages/71/68/e6f125df4af7e6d0b498f8d373274794bc5156b324e8ab4bf5c1b4fc0ec7/ruff-0.15.6-py3-none-manylinux_2_17_s390x.manylinux2014_s390x.whl", hash = "sha256:1c22e6f02c16cfac3888aa636e9eba857254d15bbacc9906c9689fdecb1953ab", size = 11421561, upload-time = "2026-03-12T23:05:31.236Z" },
    { url = "https://files.pythonhosted.org/packages/f1/9f/f85ef5fd01a52e0b472b26dc1b4bd228b8f6f0435975442ffa4741278703/ruff-0.15.6-py3-none-manylinux_2_17_x86_64.manylinux2014_x86_64.whl", hash = "sha256:98893c4c0aadc8e448cfa315bd0cc343a5323d740fe5f28ef8a3f9e21b381f7e", size = 11310928, upload-time = "2026-03-12T23:05:45.288Z" },
    { url = "https://files.pythonhosted.org/packages/8c/26/b75f8c421f5654304b89471ed384ae8c7f42b4dff58fa6ce1626d7f2b59a/ruff-0.15.6-py3-none-manylinux_2_31_riscv64.whl", hash = "sha256:70d263770d234912374493e8cc1e7385c5d49376e41dfa51c5c3453169dc581c", size = 11235186, upload-time = "2026-03-12T23:05:50.677Z" },
    { url = "https://files.pythonhosted.org/packages/fc/d4/d5a6d065962ff7a68a86c9b4f5500f7d101a0792078de636526c0edd40da/ruff-0.15.6-py3-none-musllinux_1_2_aarch64.whl", hash = "sha256:55a1ad63c5a6e54b1f21b7514dfadc0c7fb40093fa22e95143cf3f64ebdcd512", size = 10635231, upload-time = "2026-03-12T23:05:37.044Z" },
    { url = "https://files.pythonhosted.org/packages/d6/56/7c3acf3d50910375349016cf33de24be021532042afbed87942858992491/ruff-0.15.6-py3-none-musllinux_1_2_armv7l.whl", hash = "sha256:8dc473ba093c5ec238bb1e7429ee676dca24643c471e11fbaa8a857925b061c0", size = 10340357, upload-time = "2026-03-12T23:06:04.748Z" },
    { url = "https://files.pythonhosted.org/packages/06/54/6faa39e9c1033ff6a3b6e76b5df536931cd30caf64988e112bbf91ef5ce5/ruff-0.15.6-py3-none-musllinux_1_2_i686.whl", hash = "sha256:85b042377c2a5561131767974617006f99f7e13c63c111b998f29fc1e58a4cfb", size = 10860583, upload-time = "2026-03-12T23:05:58.978Z" },
    { url = "https://files.pythonhosted.org/packages/cb/1e/509a201b843b4dfb0b32acdedf68d951d3377988cae43949ba4c4133a96a/ruff-0.15.6-py3-none-musllinux_1_2_x86_64.whl", hash = "sha256:cef49e30bc5a86a6a92098a7fbf6e467a234d90b63305d6f3ec01225a9d092e0", size = 11410976, upload-time = "2026-03-12T23:05:39.955Z" },
    { url = "https://files.pythonhosted.org/packages/6c/25/3fc9114abf979a41673ce877c08016f8e660ad6cf508c3957f537d2e9fa9/ruff-0.15.6-py3-none-win32.whl", hash = "sha256:bbf67d39832404812a2d23020dda68fee7f18ce15654e96fb1d3ad21a5fe436c", size = 10616872, upload-time = "2026-03-12T23:05:42.451Z" },
    { url = "https://files.pythonhosted.org/packages/89/7a/09ece68445ceac348df06e08bf75db72d0e8427765b96c9c0ffabc1be1d9/ruff-0.15.6-py3-none-win_amd64.whl", hash = "sha256:aee25bc84c2f1007ecb5037dff75cef00414fdf17c23f07dc13e577883dca406", size = 11787271, upload-time = "2026-03-12T23:05:20.168Z" },
    { url = "https://files.pythonhosted.org/packages/7f/d0/578c47dd68152ddddddf31cd7fc67dc30b7cdf639a86275fda821b0d9d98/ruff-0.15.6-py3-none-win_arm64.whl", hash = "sha256:c34de3dd0b0ba203be50ae70f5910b17188556630e2178fd7d79fc030eb0d837", size = 11060497, upload-time = "2026-03-12T23:05:25.968Z" },
]

[[package]]
name = "six"
version = "1.17.0"
source = { registry = "https://pypi.org/simple" }
sdist = { url = "https://files.pythonhosted.org/packages/94/e7/b2c673351809dca68a0e064b6af791aa332cf192da575fd474ed7d6f16a2/six-1.17.0.tar.gz", hash = "sha256:ff70335d468e7eb6ec65b95b99d3a2836546063f63acc5171de367e834932a81", size = 34031, upload-time = "2024-12-04T17:35:28.174Z" }
wheels = [
    { url = "https://files.pythonhosted.org/packages/b7/ce/149a00dd41f10bc29e5921b496af8b574d8413afcd5e30dfa0ed46c2cc5e/six-1.17.0-py2.py3-none-any.whl", hash = "sha256:4721f391ed90541fddacab5acf947aa0d3dc7d27b2e1e8eda2be8970586c3274", size = 11050, upload-time = "2024-12-04T17:35:26.475Z" },
]

[[package]]
name = "syrupy"
version = "5.1.0"
source = { registry = "https://pypi.org/simple" }
dependencies = [
    { name = "pytest" },
]
sdist = { url = "https://files.pythonhosted.org/packages/2e/b0/24bca682d6a6337854be37f242d116cceeda9942571d5804c44bc1bdd427/syrupy-5.1.0.tar.gz", hash = "sha256:df543c7aa50d3cf1246e83d58fe490afe5f7dab7b41e74ecc0d8d23ae19bd4b8", size = 50495, upload-time = "2026-01-25T14:53:06.2Z" }
wheels = [
    { url = "https://files.pythonhosted.org/packages/de/70/cf880c3b95a6034ef673e74b369941b42315c01f1554a5637a4f8b911009/syrupy-5.1.0-py3-none-any.whl", hash = "sha256:95162d2b05e61ed3e13f117b88dfab7c58bd6f90e66ebbf918e8a77114ad51c5", size = 51658, upload-time = "2026-01-25T14:53:05.105Z" },
]

[[package]]
name = "ty"
version = "0.0.23"
source = { registry = "https://pypi.org/simple" }
sdist = { url = "https://files.pythonhosted.org/packages/75/ba/d3c998ff4cf6b5d75b39356db55fe1b7caceecc522b9586174e6a5dee6f7/ty-0.0.23.tar.gz", hash = "sha256:5fb05db58f202af366f80ef70f806e48f5237807fe424ec787c9f289e3f3a4ef", size = 5341461, upload-time = "2026-03-13T12:34:23.125Z" }
wheels = [
    { url = "https://files.pythonhosted.org/packages/f4/21/aab32603dfdfacd4819e52fa8c6074e7bd578218a5142729452fc6a62db6/ty-0.0.23-py3-none-linux_armv6l.whl", hash = "sha256:e810eef1a5f1cfc0731a58af8d2f334906a96835829767aed00026f1334a8dd7", size = 10329096, upload-time = "2026-03-13T12:34:09.432Z" },
    { url = "https://files.pythonhosted.org/packages/9f/a9/dd3287a82dce3df546ec560296208d4905dcf06346b6e18c2f3c63523bd1/ty-0.0.23-py3-none-macosx_10_12_x86_64.whl", hash = "sha256:e43d36bd89a151ddcad01acaeff7dcc507cb73ff164c1878d2d11549d39a061c", size = 10156631, upload-time = "2026-03-13T12:34:53.122Z" },
    { url = "https://files.pythonhosted.org/packages/0f/01/3f25909b02fac29bb0a62b2251f8d62e65d697781ffa4cf6b47a4c075c85/ty-0.0.23-py3-none-macosx_11_0_arm64.whl", hash = "sha256:bd6a340969577b4645f231572c4e46012acba2d10d4c0c6570fe1ab74e76ae00", size = 9653211, upload-time = "2026-03-13T12:34:15.049Z" },
    { url = "https://files.pythonhosted.org/packages/d5/60/bfc0479572a6f4b90501c869635faf8d84c8c68ffc5dd87d04f049affabc/ty-0.0.23-py3-none-manylinux_2_17_aarch64.manylinux2014_aarch64.whl", hash = "sha256:341441783e626eeb7b1ec2160432956aed5734932ab2d1c26f94d0c98b229937", size = 10156143, upload-time = "2026-03-13T12:34:34.468Z" },
    { url = "https://files.pythonhosted.org/packages/3a/81/8a93e923535a340f54bea20ff196f6b2787782b2f2f399bd191c4bc132d6/ty-0.0.23-py3-none-manylinux_2_17_armv7l.manylinux2014_armv7l.whl", hash = "sha256:8ce1dc66c26d4167e2c78d12fa870ef5a7ec9cc344d2baaa6243297cfa88bd52", size = 10136632, upload-time = "2026-03-13T12:34:28.832Z" },
    { url = "https://files.pythonhosted.org/packages/da/cb/2ac81c850c58acc9f976814404d28389c9c1c939676e32287b9cff61381e/ty-0.0.23-py3-none-manylinux_2_17_i686.manylinux2014_i686.whl", hash = "sha256:bae1e7a294bf8528836f7617dc5c360ea2dddb63789fc9471ae6753534adca05", size = 10655025, upload-time = "2026-03-13T12:34:37.105Z" },
    { url = "https://files.pythonhosted.org/packages/b5/9b/bac771774c198c318ae699fc013d8cd99ed9caf993f661fba11238759244/ty-0.0.23-py3-none-manylinux_2_17_ppc64le.manylinux2014_ppc64le.whl", hash = "sha256:d2b162768764d9dc177c83fb497a51532bb67cbebe57b8fa0f2668436bf53f3c", size = 11230107, upload-time = "2026-03-13T12:34:20.751Z" },
    { url = "https://files.pythonhosted.org/packages/14/09/7644fb0e297265e18243f878aca343593323b9bb19ed5278dcbc63781be0/ty-0.0.23-py3-none-manylinux_2_17_s390x.manylinux2014_s390x.whl", hash = "sha256:d28384e48ca03b34e4e2beee0e230c39bbfb68994bb44927fec61ef3642900da", size = 10934177, upload-time = "2026-03-13T12:34:17.904Z" },
    { url = "https://files.pythonhosted.org/packages/18/14/69a25a0cad493fb6a947302471b579a03516a3b00e7bece77fdc6b4afb9b/ty-0.0.23-py3-none-manylinux_2_17_x86_64.manylinux2014_x86_64.whl", hash = "sha256:559d9a299df793cb7a7902caed5eda8a720ff69164c31c979673e928f02251ee", size = 10752487, upload-time = "2026-03-13T12:34:31.785Z" },
    { url = "https://files.pythonhosted.org/packages/9d/2a/42fc3cbccf95af0a62308ebed67e084798ab7a85ef073c9986ef18032743/ty-0.0.23-py3-none-musllinux_1_2_aarch64.whl", hash = "sha256:32a7b8a14a98e1d20a9d8d2af23637ed7efdb297ac1fa2450b8e465d05b94482", size = 10133007, upload-time = "2026-03-13T12:34:42.838Z" },
    { url = "https://files.pythonhosted.org/packages/e1/69/307833f1b52fa3670e0a1d496e43ef7df556ecde838192d3fcb9b35e360d/ty-0.0.23-py3-none-musllinux_1_2_armv7l.whl", hash = "sha256:6f803b9b9cca87af793467973b9abdd4b83e6b96d9b5e749d662cff7ead70b6d", size = 10169698, upload-time = "2026-03-13T12:34:12.351Z" },
    { url = "https://files.pythonhosted.org/packages/89/ae/5dd379ec22d0b1cba410d7af31c366fcedff191d5b867145913a64889f66/ty-0.0.23-py3-none-musllinux_1_2_i686.whl", hash = "sha256:4a0bf086ec8e2197b7ea7ebfcf4be36cb6a52b235f8be61647ef1b2d99d6ffd3", size = 10346080, upload-time = "2026-03-13T12:34:40.012Z" },
    { url = "https://files.pythonhosted.org/packages/98/c7/dfc83203d37998620bba9c4873a080c8850a784a8a46f56f8163c5b4e320/ty-0.0.23-py3-none-musllinux_1_2_x86_64.whl", hash = "sha256:252539c3fcd7aeb9b8d5c14e2040682c3e1d7ff640906d63fd2c4ce35865a4ba", size = 10848162, upload-time = "2026-03-13T12:34:45.421Z" },
    { url = "https://files.pythonhosted.org/packages/89/08/05481511cfbcc1fd834b6c67aaae090cb609a079189ddf2032139ccfc490/ty-0.0.23-py3-none-win32.whl", hash = "sha256:51b591d19eef23bbc3807aef77d38fa1f003c354e1da908aa80ea2dca0993f77", size = 9748283, upload-time = "2026-03-13T12:34:50.607Z" },
    { url = "https://files.pythonhosted.org/packages/31/2e/eaed4ff5c85e857a02415084c394e02c30476b65e158eec1938fdaa9a205/ty-0.0.23-py3-none-win_amd64.whl", hash = "sha256:1e137e955f05c501cfbb81dd2190c8fb7d01ec037c7e287024129c722a83c9ad", size = 10698355, upload-time = "2026-03-13T12:34:26.134Z" },
    { url = "https://files.pythonhosted.org/packages/91/29/b32cb7b4c7d56b9ed50117f8ad6e45834aec293e4cb14749daab4e9236d5/ty-0.0.23-py3-none-win_arm64.whl", hash = "sha256:a0399bd13fd2cd6683fd0a2d59b9355155d46546d8203e152c556ddbdeb20842", size = 10155890, upload-time = "2026-03-13T12:34:48.082Z" },
]
